<?xml version="1.0" encoding="utf-8"?>
<Project ToolsVersion="4.0" xmlns="http://schemas.microsoft.com/developer/msbuild/2003">
  <ItemGroup>
    <ClCompile Include="Source\Main.cpp">
      <Filter>Source</Filter>
    </ClCompile>
    <ClCompile Include="Source\EditorGame.cpp">
      <Filter>Source</Filter>
    </ClCompile>
    <ClCompile Include="Source\Panels\ScenePanel.cpp">
      <Filter>Source\Panels</Filter>
    </ClCompile>
    <ClCompile Include="Source\Panels\SceneHierarchyPanel.cpp">
      <Filter>Source\Panels</Filter>
    </ClCompile>
    <ClCompile Include="Source\Content\EditorAssetManager.cpp">
      <Filter>Source\Content</Filter>
    </ClCompile>
    <ClCompile Include="Source\Content\AssetImporter.cpp">
      <Filter>Source\Content</Filter>
    </ClCompile>
    <ClCompile Include="Source\Content\AssetImporterContext.cpp">
      <Filter>Source\Content</Filter>
    </ClCompile>
    <ClCompile Include="Source\Content\ImporterManager.cpp">
      <Filter>Source\Content</Filter>
    </ClCompile>
    <ClCompile Include="Source\Content\Importers\ModelImporter.cpp">
      <Filter>Source\Content\Importers</Filter>
    </ClCompile>
    <ClCompile Include="Source\Content\Importers\TextureImporter.cpp">
      <Filter>Source\Content\Importers</Filter>
    </ClCompile>
    <ClCompile Include="Source\Gizmos\GizmoRotationRenderer.cpp">
      <Filter>Source\Gizmos</Filter>
    </ClCompile>
    <ClCompile Include="Source\Gizmos\GizmoScaleRenderer.cpp">
      <Filter>Source\Gizmos</Filter>
    </ClCompile>
    <ClCompile Include="Source\Gizmos\GizmoService.cpp">
      <Filter>Source\Gizmos</Filter>
    </ClCompile>
    <ClCompile Include="Source\Gizmos\GizmoTranslationRenderer.cpp">
      <Filter>Source\Gizmos</Filter>
    </ClCompile>
    <ClCompile Include="Source\Panels\Scene\SelectionService.cpp">
      <Filter>Source\Panels\Scene</Filter>
    </ClCompile>
  </ItemGroup>
  <ItemGroup>
    <Filter Include="Source">
      <UniqueIdentifier>{ec32524c-8808-4932-b497-db47e53dff39}</UniqueIdentifier>
    </Filter>
    <Filter Include="Source\Panels">
      <UniqueIdentifier>{f96ed092-813a-4f60-8ae2-a3aa81445bd2}</UniqueIdentifier>
    </Filter>
    <Filter Include="Source\Content">
      <UniqueIdentifier>{13f2f5c8-ae61-4891-a5a6-15658f8a7f0f}</UniqueIdentifier>
    </Filter>
    <Filter Include="Source\Content\Importers">
      <UniqueIdentifier>{073453fb-f052-482d-846c-2fc5802de582}</UniqueIdentifier>
    </Filter>
    <Filter Include="Source\Gizmos">
      <UniqueIdentifier>{e238ee9f-fde6-4042-b11d-d4643f921513}</UniqueIdentifier>
    </Filter>
    <Filter Include="Source\Panels\Scene">
      <UniqueIdentifier>{0ffc3604-6f7d-45d8-827c-f04833436388}</UniqueIdentifier>
    </Filter>
  </ItemGroup>
  <ItemGroup>
    <ClInclude Include="Source\EditorGame.h">
      <Filter>Source</Filter>
    </ClInclude>
    <ClInclude Include="Source\Panels\ScenePanel.h">
      <Filter>Source\Panels</Filter>
    </ClInclude>
    <ClInclude Include="Source\Panels\SceneHierarchyPanel.h">
      <Filter>Source\Panels</Filter>
    </ClInclude>
    <ClInclude Include="Source\Content\EditorAssetManager.h">
      <Filter>Source\Content</Filter>
    </ClInclude>
    <ClInclude Include="Source\Content\ImporterManager.h">
      <Filter>Source\Content</Filter>
    </ClInclude>
    <ClInclude Include="Source\Content\AssetImporter.h">
      <Filter>Source\Content</Filter>
    </ClInclude>
    <ClInclude Include="Source\Content\AssetImporterContext.h">
      <Filter>Source\Content</Filter>
    </ClInclude>
    <ClInclude Include="Source\Content\Importers\ModelImporter.h">
      <Filter>Source\Content\Importers</Filter>
    </ClInclude>
    <ClInclude Include="Source\Content\Importers\TextureImporter.h">
      <Filter>Source\Content\Importers</Filter>
    </ClInclude>
    <ClInclude Include="Source\Gizmos\Constants.h">
      <Filter>Source\Gizmos</Filter>
    </ClInclude>
    <ClInclude Include="Source\Gizmos\GizmoConfig.h">
      <Filter>Source\Gizmos</Filter>
    </ClInclude>
    <ClInclude Include="Source\Gizmos\GizmoRotationRenderer.h">
      <Filter>Source\Gizmos</Filter>
    </ClInclude>
    <ClInclude Include="Source\Gizmos\GizmoScaleRenderer.h">
      <Filter>Source\Gizmos</Filter>
    </ClInclude>
    <ClInclude Include="Source\Gizmos\GizmoService.h">
      <Filter>Source\Gizmos</Filter>
    </ClInclude>
    <ClInclude Include="Source\Gizmos\GizmoTranslationRenderer.h">
      <Filter>Source\Gizmos</Filter>
    </ClInclude>
    <ClInclude Include="Source\Panels\Scene\SelectionService.h">
      <Filter>Source\Panels\Scene</Filter>
    </ClInclude>
  </ItemGroup>
  <ItemGroup>
    <None Include="packages.config" />
  </ItemGroup>
</Project>