
Microsoft Visual Studio Solution File, Format Version 12.00
# Visual Studio Version 16
VisualStudioVersion = 16.0.29806.167
MinimumVisualStudioVersion = 10.0.40219.1
Project("{8BC9CEB8-8B4A-11D0-8D11-00A0C91BC942}") = "BrunoApi", "BrunoApi\BrunoApi.vcxproj", "{E940DAD6-94B4-4718-BCE3-D92F16725235}"
EndProject
Project("{8BC9CEB8-8B4A-11D0-8D11-00A0C91BC942}") = "TrioWin32Game", "TrioWin32Sample\TrioWin32Sample.vcxproj", "{8666269F-5655-47F5-A3A2-3EE6BAA3889D}"
EndProject
Project("{FAE04EC0-301F-11D3-BF4B-00C04F79EFBC}") = "BrunoApi.Net", "BrunoApi.Net\BrunoApi.Net.csproj", "{EB11A614-A4A3-47B3-B276-64BF6129351F}"
EndProject
Project("{FAE04EC0-301F-11D3-BF4B-00C04F79EFBC}") = "BrunoEditor", "BrunoEditor\BrunoEditor.csproj", "{ABC8F099-C083-4268-BA43-D2B73C50A715}"
EndProject
Project("{FAE04EC0-301F-11D3-BF4B-00C04F79EFBC}") = "Bruno", "Bruno\Bruno.csproj", "{CC7DC8BC-3D51-4AE2-A2C4-1410A65252DC}"
EndProject
Project("{FAE04EC0-301F-11D3-BF4B-00C04F79EFBC}") = "BrunoControls", "BrunoControls\BrunoControls.csproj", "{56FD7477-85C8-4273-A776-93407370673F}"
EndProject
Project("{FAE04EC0-301F-11D3-BF4B-00C04F79EFBC}") = "BrunoWindows", "BrunoWindows\BrunoWindows.csproj", "{CDD79FF0-CC5B-4034-9082-80708737DA56}"
EndProject
Project("{FAE04EC0-301F-11D3-BF4B-00C04F79EFBC}") = "BrunoFramework", "BrunoFramework\BrunoFramework.csproj", "{434DC78E-F052-4F5E-9D3B-B74CF92C28EE}"
EndProject
Project("{8BC9CEB8-8B4A-11D0-8D11-00A0C91BC942}") = "EsteroEngine", "EsteroEngine\EsteroEngine.vcxproj", "{6F398E1F-0A64-4D40-BFE6-8C6B25CD1F08}"
EndProject
Project("{FAE04EC0-301F-11D3-BF4B-00C04F79EFBC}") = "BrunoGraphicsHost", "BrunoGraphicsHost\BrunoGraphicsHost.csproj", "{60B3C64A-6EBB-4E47-9DB7-0832EBEEB611}"
EndProject
Project("{2150E333-8FDC-42A3-9474-1A3956D46DE8}") = "Tools", "Tools", "{38116561-27D7-4F8A-A393-4F07F2259805}"
EndProject
Project("{2150E333-8FDC-42A3-9474-1A3956D46DE8}") = "Core", "Core", "{7631EA32-74A5-4FE2-BAB2-3874A4743213}"
EndProject
Global
	GlobalSection(SolutionConfigurationPlatforms) = preSolution
		Debug|Any CPU = Debug|Any CPU
		Debug|ARM64 = Debug|ARM64
		Debug|x64 = Debug|x64
		Debug|x86 = Debug|x86
		Release|Any CPU = Release|Any CPU
		Release|ARM64 = Release|ARM64
		Release|x64 = Release|x64
		Release|x86 = Release|x86
	EndGlobalSection
	GlobalSection(ProjectConfigurationPlatforms) = postSolution
		{E940DAD6-94B4-4718-BCE3-D92F16725235}.Debug|Any CPU.ActiveCfg = Debug|Win32
		{E940DAD6-94B4-4718-BCE3-D92F16725235}.Debug|ARM64.ActiveCfg = Debug|ARM64
		{E940DAD6-94B4-4718-BCE3-D92F16725235}.Debug|ARM64.Build.0 = Debug|ARM64
		{E940DAD6-94B4-4718-BCE3-D92F16725235}.Debug|x64.ActiveCfg = Debug|x64
		{E940DAD6-94B4-4718-BCE3-D92F16725235}.Debug|x64.Build.0 = Debug|x64
		{E940DAD6-94B4-4718-BCE3-D92F16725235}.Debug|x86.ActiveCfg = Debug|Win32
		{E940DAD6-94B4-4718-BCE3-D92F16725235}.Debug|x86.Build.0 = Debug|Win32
		{E940DAD6-94B4-4718-BCE3-D92F16725235}.Release|Any CPU.ActiveCfg = Release|Win32
		{E940DAD6-94B4-4718-BCE3-D92F16725235}.Release|ARM64.ActiveCfg = Release|ARM64
		{E940DAD6-94B4-4718-BCE3-D92F16725235}.Release|ARM64.Build.0 = Release|ARM64
		{E940DAD6-94B4-4718-BCE3-D92F16725235}.Release|x64.ActiveCfg = Release|x64
		{E940DAD6-94B4-4718-BCE3-D92F16725235}.Release|x64.Build.0 = Release|x64
		{E940DAD6-94B4-4718-BCE3-D92F16725235}.Release|x86.ActiveCfg = Release|Win32
		{E940DAD6-94B4-4718-BCE3-D92F16725235}.Release|x86.Build.0 = Release|Win32
		{8666269F-5655-47F5-A3A2-3EE6BAA3889D}.Debug|Any CPU.ActiveCfg = Debug|Win32
		{8666269F-5655-47F5-A3A2-3EE6BAA3889D}.Debug|ARM64.ActiveCfg = Debug|Win32
		{8666269F-5655-47F5-A3A2-3EE6BAA3889D}.Debug|x64.ActiveCfg = Debug|x64
		{8666269F-5655-47F5-A3A2-3EE6BAA3889D}.Debug|x64.Build.0 = Debug|x64
		{8666269F-5655-47F5-A3A2-3EE6BAA3889D}.Debug|x86.ActiveCfg = Debug|Win32
		{8666269F-5655-47F5-A3A2-3EE6BAA3889D}.Debug|x86.Build.0 = Debug|Win32
		{8666269F-5655-47F5-A3A2-3EE6BAA3889D}.Release|Any CPU.ActiveCfg = Release|Win32
		{8666269F-5655-47F5-A3A2-3EE6BAA3889D}.Release|ARM64.ActiveCfg = Release|Win32
		{8666269F-5655-47F5-A3A2-3EE6BAA3889D}.Release|x64.ActiveCfg = Release|x64
		{8666269F-5655-47F5-A3A2-3EE6BAA3889D}.Release|x64.Build.0 = Release|x64
		{8666269F-5655-47F5-A3A2-3EE6BAA3889D}.Release|x86.ActiveCfg = Release|Win32
		{8666269F-5655-47F5-A3A2-3EE6BAA3889D}.Release|x86.Build.0 = Release|Win32
		{EB11A614-A4A3-47B3-B276-64BF6129351F}.Debug|Any CPU.ActiveCfg = Debug|Any CPU
		{EB11A614-A4A3-47B3-B276-64BF6129351F}.Debug|Any CPU.Build.0 = Debug|Any CPU
		{EB11A614-A4A3-47B3-B276-64BF6129351F}.Debug|ARM64.ActiveCfg = Debug|Any CPU
		{EB11A614-A4A3-47B3-B276-64BF6129351F}.Debug|ARM64.Build.0 = Debug|Any CPU
		{EB11A614-A4A3-47B3-B276-64BF6129351F}.Debug|x64.ActiveCfg = Debug|x64
		{EB11A614-A4A3-47B3-B276-64BF6129351F}.Debug|x64.Build.0 = Debug|x64
		{EB11A614-A4A3-47B3-B276-64BF6129351F}.Debug|x86.ActiveCfg = Debug|Any CPU
		{EB11A614-A4A3-47B3-B276-64BF6129351F}.Debug|x86.Build.0 = Debug|Any CPU
		{EB11A614-A4A3-47B3-B276-64BF6129351F}.Release|Any CPU.ActiveCfg = Release|Any CPU
		{EB11A614-A4A3-47B3-B276-64BF6129351F}.Release|Any CPU.Build.0 = Release|Any CPU
		{EB11A614-A4A3-47B3-B276-64BF6129351F}.Release|ARM64.ActiveCfg = Release|Any CPU
		{EB11A614-A4A3-47B3-B276-64BF6129351F}.Release|ARM64.Build.0 = Release|Any CPU
		{EB11A614-A4A3-47B3-B276-64BF6129351F}.Release|x64.ActiveCfg = Release|Any CPU
		{EB11A614-A4A3-47B3-B276-64BF6129351F}.Release|x64.Build.0 = Release|Any CPU
		{EB11A614-A4A3-47B3-B276-64BF6129351F}.Release|x86.ActiveCfg = Release|Any CPU
		{EB11A614-A4A3-47B3-B276-64BF6129351F}.Release|x86.Build.0 = Release|Any CPU
		{ABC8F099-C083-4268-BA43-D2B73C50A715}.Debug|Any CPU.ActiveCfg = Debug|Any CPU
		{ABC8F099-C083-4268-BA43-D2B73C50A715}.Debug|Any CPU.Build.0 = Debug|Any CPU
		{ABC8F099-C083-4268-BA43-D2B73C50A715}.Debug|ARM64.ActiveCfg = Debug|Any CPU
		{ABC8F099-C083-4268-BA43-D2B73C50A715}.Debug|ARM64.Build.0 = Debug|Any CPU
		{ABC8F099-C083-4268-BA43-D2B73C50A715}.Debug|x64.ActiveCfg = Debug|x64
		{ABC8F099-C083-4268-BA43-D2B73C50A715}.Debug|x64.Build.0 = Debug|x64
		{ABC8F099-C083-4268-BA43-D2B73C50A715}.Debug|x86.ActiveCfg = Debug|Any CPU
		{ABC8F099-C083-4268-BA43-D2B73C50A715}.Debug|x86.Build.0 = Debug|Any CPU
		{ABC8F099-C083-4268-BA43-D2B73C50A715}.Release|Any CPU.ActiveCfg = Release|Any CPU
		{ABC8F099-C083-4268-BA43-D2B73C50A715}.Release|Any CPU.Build.0 = Release|Any CPU
		{ABC8F099-C083-4268-BA43-D2B73C50A715}.Release|ARM64.ActiveCfg = Release|Any CPU
		{ABC8F099-C083-4268-BA43-D2B73C50A715}.Release|ARM64.Build.0 = Release|Any CPU
		{ABC8F099-C083-4268-BA43-D2B73C50A715}.Release|x64.ActiveCfg = Release|Any CPU
		{ABC8F099-C083-4268-BA43-D2B73C50A715}.Release|x64.Build.0 = Release|Any CPU
		{ABC8F099-C083-4268-BA43-D2B73C50A715}.Release|x86.ActiveCfg = Release|Any CPU
		{ABC8F099-C083-4268-BA43-D2B73C50A715}.Release|x86.Build.0 = Release|Any CPU
		{CC7DC8BC-3D51-4AE2-A2C4-1410A65252DC}.Debug|Any CPU.ActiveCfg = Debug|Any CPU
		{CC7DC8BC-3D51-4AE2-A2C4-1410A65252DC}.Debug|Any CPU.Build.0 = Debug|Any CPU
		{CC7DC8BC-3D51-4AE2-A2C4-1410A65252DC}.Debug|ARM64.ActiveCfg = Debug|Any CPU
		{CC7DC8BC-3D51-4AE2-A2C4-1410A65252DC}.Debug|ARM64.Build.0 = Debug|Any CPU
		{CC7DC8BC-3D51-4AE2-A2C4-1410A65252DC}.Debug|x64.ActiveCfg = Debug|Any CPU
		{CC7DC8BC-3D51-4AE2-A2C4-1410A65252DC}.Debug|x64.Build.0 = Debug|Any CPU
		{CC7DC8BC-3D51-4AE2-A2C4-1410A65252DC}.Debug|x86.ActiveCfg = Debug|Any CPU
		{CC7DC8BC-3D51-4AE2-A2C4-1410A65252DC}.Debug|x86.Build.0 = Debug|Any CPU
		{CC7DC8BC-3D51-4AE2-A2C4-1410A65252DC}.Release|Any CPU.ActiveCfg = Release|Any CPU
		{CC7DC8BC-3D51-4AE2-A2C4-1410A65252DC}.Release|Any CPU.Build.0 = Release|Any CPU
		{CC7DC8BC-3D51-4AE2-A2C4-1410A65252DC}.Release|ARM64.ActiveCfg = Release|Any CPU
		{CC7DC8BC-3D51-4AE2-A2C4-1410A65252DC}.Release|ARM64.Build.0 = Release|Any CPU
		{CC7DC8BC-3D51-4AE2-A2C4-1410A65252DC}.Release|x64.ActiveCfg = Release|Any CPU
		{CC7DC8BC-3D51-4AE2-A2C4-1410A65252DC}.Release|x64.Build.0 = Release|Any CPU
		{CC7DC8BC-3D51-4AE2-A2C4-1410A65252DC}.Release|x86.ActiveCfg = Release|Any CPU
		{CC7DC8BC-3D51-4AE2-A2C4-1410A65252DC}.Release|x86.Build.0 = Release|Any CPU
		{56FD7477-85C8-4273-A776-93407370673F}.Debug|Any CPU.ActiveCfg = Debug|Any CPU
		{56FD7477-85C8-4273-A776-93407370673F}.Debug|Any CPU.Build.0 = Debug|Any CPU
		{56FD7477-85C8-4273-A776-93407370673F}.Debug|ARM64.ActiveCfg = Debug|Any CPU
		{56FD7477-85C8-4273-A776-93407370673F}.Debug|ARM64.Build.0 = Debug|Any CPU
		{56FD7477-85C8-4273-A776-93407370673F}.Debug|x64.ActiveCfg = Debug|Any CPU
		{56FD7477-85C8-4273-A776-93407370673F}.Debug|x64.Build.0 = Debug|Any CPU
		{56FD7477-85C8-4273-A776-93407370673F}.Debug|x86.ActiveCfg = Debug|Any CPU
		{56FD7477-85C8-4273-A776-93407370673F}.Debug|x86.Build.0 = Debug|Any CPU
		{56FD7477-85C8-4273-A776-93407370673F}.Release|Any CPU.ActiveCfg = Release|Any CPU
		{56FD7477-85C8-4273-A776-93407370673F}.Release|Any CPU.Build.0 = Release|Any CPU
		{56FD7477-85C8-4273-A776-93407370673F}.Release|ARM64.ActiveCfg = Release|Any CPU
		{56FD7477-85C8-4273-A776-93407370673F}.Release|ARM64.Build.0 = Release|Any CPU
		{56FD7477-85C8-4273-A776-93407370673F}.Release|x64.ActiveCfg = Release|Any CPU
		{56FD7477-85C8-4273-A776-93407370673F}.Release|x64.Build.0 = Release|Any CPU
		{56FD7477-85C8-4273-A776-93407370673F}.Release|x86.ActiveCfg = Release|Any CPU
		{56FD7477-85C8-4273-A776-93407370673F}.Release|x86.Build.0 = Release|Any CPU
		{CDD79FF0-CC5B-4034-9082-80708737DA56}.Debug|Any CPU.ActiveCfg = Debug|Any CPU
		{CDD79FF0-CC5B-4034-9082-80708737DA56}.Debug|Any CPU.Build.0 = Debug|Any CPU
		{CDD79FF0-CC5B-4034-9082-80708737DA56}.Debug|ARM64.ActiveCfg = Debug|Any CPU
		{CDD79FF0-CC5B-4034-9082-80708737DA56}.Debug|ARM64.Build.0 = Debug|Any CPU
		{CDD79FF0-CC5B-4034-9082-80708737DA56}.Debug|x64.ActiveCfg = Debug|Any CPU
		{CDD79FF0-CC5B-4034-9082-80708737DA56}.Debug|x64.Build.0 = Debug|Any CPU
		{CDD79FF0-CC5B-4034-9082-80708737DA56}.Debug|x86.ActiveCfg = Debug|Any CPU
		{CDD79FF0-CC5B-4034-9082-80708737DA56}.Debug|x86.Build.0 = Debug|Any CPU
		{CDD79FF0-CC5B-4034-9082-80708737DA56}.Release|Any CPU.ActiveCfg = Release|Any CPU
		{CDD79FF0-CC5B-4034-9082-80708737DA56}.Release|Any CPU.Build.0 = Release|Any CPU
		{CDD79FF0-CC5B-4034-9082-80708737DA56}.Release|ARM64.ActiveCfg = Release|Any CPU
		{CDD79FF0-CC5B-4034-9082-80708737DA56}.Release|ARM64.Build.0 = Release|Any CPU
		{CDD79FF0-CC5B-4034-9082-80708737DA56}.Release|x64.ActiveCfg = Release|Any CPU
		{CDD79FF0-CC5B-4034-9082-80708737DA56}.Release|x64.Build.0 = Release|Any CPU
		{CDD79FF0-CC5B-4034-9082-80708737DA56}.Release|x86.ActiveCfg = Release|Any CPU
		{CDD79FF0-CC5B-4034-9082-80708737DA56}.Release|x86.Build.0 = Release|Any CPU
		{434DC78E-F052-4F5E-9D3B-B74CF92C28EE}.Debug|Any CPU.ActiveCfg = Debug|Any CPU
		{434DC78E-F052-4F5E-9D3B-B74CF92C28EE}.Debug|Any CPU.Build.0 = Debug|Any CPU
		{434DC78E-F052-4F5E-9D3B-B74CF92C28EE}.Debug|ARM64.ActiveCfg = Debug|Any CPU
		{434DC78E-F052-4F5E-9D3B-B74CF92C28EE}.Debug|ARM64.Build.0 = Debug|Any CPU
		{434DC78E-F052-4F5E-9D3B-B74CF92C28EE}.Debug|x64.ActiveCfg = Debug|Any CPU
		{434DC78E-F052-4F5E-9D3B-B74CF92C28EE}.Debug|x64.Build.0 = Debug|Any CPU
		{434DC78E-F052-4F5E-9D3B-B74CF92C28EE}.Debug|x86.ActiveCfg = Debug|Any CPU
		{434DC78E-F052-4F5E-9D3B-B74CF92C28EE}.Debug|x86.Build.0 = Debug|Any CPU
		{434DC78E-F052-4F5E-9D3B-B74CF92C28EE}.Release|Any CPU.ActiveCfg = Release|Any CPU
		{434DC78E-F052-4F5E-9D3B-B74CF92C28EE}.Release|Any CPU.Build.0 = Release|Any CPU
		{434DC78E-F052-4F5E-9D3B-B74CF92C28EE}.Release|ARM64.ActiveCfg = Release|Any CPU
		{434DC78E-F052-4F5E-9D3B-B74CF92C28EE}.Release|ARM64.Build.0 = Release|Any CPU
		{434DC78E-F052-4F5E-9D3B-B74CF92C28EE}.Release|x64.ActiveCfg = Release|Any CPU
		{434DC78E-F052-4F5E-9D3B-B74CF92C28EE}.Release|x64.Build.0 = Release|Any CPU
		{434DC78E-F052-4F5E-9D3B-B74CF92C28EE}.Release|x86.ActiveCfg = Release|Any CPU
		{434DC78E-F052-4F5E-9D3B-B74CF92C28EE}.Release|x86.Build.0 = Release|Any CPU
		{6F398E1F-0A64-4D40-BFE6-8C6B25CD1F08}.Debug|Any CPU.ActiveCfg = Debug|Win32
		{6F398E1F-0A64-4D40-BFE6-8C6B25CD1F08}.Debug|ARM64.ActiveCfg = Debug|Win32
		{6F398E1F-0A64-4D40-BFE6-8C6B25CD1F08}.Debug|x64.ActiveCfg = Debug|x64
		{6F398E1F-0A64-4D40-BFE6-8C6B25CD1F08}.Debug|x64.Build.0 = Debug|x64
		{6F398E1F-0A64-4D40-BFE6-8C6B25CD1F08}.Debug|x86.ActiveCfg = Debug|Win32
		{6F398E1F-0A64-4D40-BFE6-8C6B25CD1F08}.Debug|x86.Build.0 = Debug|Win32
		{6F398E1F-0A64-4D40-BFE6-8C6B25CD1F08}.Release|Any CPU.ActiveCfg = Release|Win32
		{6F398E1F-0A64-4D40-BFE6-8C6B25CD1F08}.Release|ARM64.ActiveCfg = Release|Win32
		{6F398E1F-0A64-4D40-BFE6-8C6B25CD1F08}.Release|x64.ActiveCfg = Release|x64
		{6F398E1F-0A64-4D40-BFE6-8C6B25CD1F08}.Release|x64.Build.0 = Release|x64
		{6F398E1F-0A64-4D40-BFE6-8C6B25CD1F08}.Release|x86.ActiveCfg = Release|Win32
		{6F398E1F-0A64-4D40-BFE6-8C6B25CD1F08}.Release|x86.Build.0 = Release|Win32
		{60B3C64A-6EBB-4E47-9DB7-0832EBEEB611}.Debug|Any CPU.ActiveCfg = Debug|Any CPU
		{60B3C64A-6EBB-4E47-9DB7-0832EBEEB611}.Debug|Any CPU.Build.0 = Debug|Any CPU
		{60B3C64A-6EBB-4E47-9DB7-0832EBEEB611}.Debug|ARM64.ActiveCfg = Debug|Any CPU
		{60B3C64A-6EBB-4E47-9DB7-0832EBEEB611}.Debug|ARM64.Build.0 = Debug|Any CPU
		{60B3C64A-6EBB-4E47-9DB7-0832EBEEB611}.Debug|x64.ActiveCfg = Debug|Any CPU
		{60B3C64A-6EBB-4E47-9DB7-0832EBEEB611}.Debug|x64.Build.0 = Debug|Any CPU
		{60B3C64A-6EBB-4E47-9DB7-0832EBEEB611}.Debug|x86.ActiveCfg = Debug|Any CPU
		{60B3C64A-6EBB-4E47-9DB7-0832EBEEB611}.Debug|x86.Build.0 = Debug|Any CPU
		{60B3C64A-6EBB-4E47-9DB7-0832EBEEB611}.Release|Any CPU.ActiveCfg = Release|Any CPU
		{60B3C64A-6EBB-4E47-9DB7-0832EBEEB611}.Release|Any CPU.Build.0 = Release|Any CPU
		{60B3C64A-6EBB-4E47-9DB7-0832EBEEB611}.Release|ARM64.ActiveCfg = Release|Any CPU
		{60B3C64A-6EBB-4E47-9DB7-0832EBEEB611}.Release|ARM64.Build.0 = Release|Any CPU
		{60B3C64A-6EBB-4E47-9DB7-0832EBEEB611}.Release|x64.ActiveCfg = Release|Any CPU
		{60B3C64A-6EBB-4E47-9DB7-0832EBEEB611}.Release|x64.Build.0 = Release|Any CPU
		{60B3C64A-6EBB-4E47-9DB7-0832EBEEB611}.Release|x86.ActiveCfg = Release|Any CPU
		{60B3C64A-6EBB-4E47-9DB7-0832EBEEB611}.Release|x86.Build.0 = Release|Any CPU
	EndGlobalSection
	GlobalSection(SolutionProperties) = preSolution
		HideSolutionNode = FALSE
	EndGlobalSection
	GlobalSection(NestedProjects) = preSolution
		{E940DAD6-94B4-4718-BCE3-D92F16725235} = {7631EA32-74A5-4FE2-BAB2-3874A4743213}
		{EB11A614-A4A3-47B3-B276-64BF6129351F} = {7631EA32-74A5-4FE2-BAB2-3874A4743213}
		{ABC8F099-C083-4268-BA43-D2B73C50A715} = {38116561-27D7-4F8A-A393-4F07F2259805}
		{56FD7477-85C8-4273-A776-93407370673F} = {38116561-27D7-4F8A-A393-4F07F2259805}
		{CDD79FF0-CC5B-4034-9082-80708737DA56} = {38116561-27D7-4F8A-A393-4F07F2259805}
		{434DC78E-F052-4F5E-9D3B-B74CF92C28EE} = {38116561-27D7-4F8A-A393-4F07F2259805}
		{6F398E1F-0A64-4D40-BFE6-8C6B25CD1F08} = {7631EA32-74A5-4FE2-BAB2-3874A4743213}
		{60B3C64A-6EBB-4E47-9DB7-0832EBEEB611} = {38116561-27D7-4F8A-A393-4F07F2259805}
	EndGlobalSection
	GlobalSection(ExtensibilityGlobals) = postSolution
		SolutionGuid = {1A2BA4C3-AE8F-4242-8FD9-1F8D70571D17}
	EndGlobalSection
EndGlobal
