<?xml version="1.0" encoding="utf-8"?>
<Project ToolsVersion="4.0" xmlns="http://schemas.microsoft.com/developer/msbuild/2003">
  <ItemGroup>
    <Filter Include="Include">
      <UniqueIdentifier>{c6855ad6-3c42-427f-84a3-1c30843d4ad9}</UniqueIdentifier>
    </Filter>
    <Filter Include="Source">
      <UniqueIdentifier>{40a9eeb8-c72d-4621-bfa2-b8aa8317dd1b}</UniqueIdentifier>
    </Filter>
  </ItemGroup>
  <ItemGroup>
    <ClInclude Include="Include\D3D12MemAlloc.h">
      <Filter>Include</Filter>
    </ClInclude>
  </ItemGroup>
  <ItemGroup>
    <ClCompile Include="Source\D3D12MemAlloc.cpp">
      <Filter>Source</Filter>
    </ClCompile>
  </ItemGroup>
</Project>