<?xml version="1.0" encoding="utf-8"?>
<Project ToolsVersion="4.0" xmlns="http://schemas.microsoft.com/developer/msbuild/2003">
  <ItemGroup>
    <Filter Include="Inc">
      <UniqueIdentifier>{7bc5af4b-827b-43e3-b70f-9cdb6a6c3255}</UniqueIdentifier>
    </Filter>
    <Filter Include="Src">
      <UniqueIdentifier>{ecc35671-3a18-42c1-b6df-36bf0fe6e174}</UniqueIdentifier>
    </Filter>
  </ItemGroup>
  <ItemGroup>
    <ClInclude Include="Include\d3d12.h">
      <Filter>Inc</Filter>
    </ClInclude>
    <ClInclude Include="Include\d3d12sdklayers.h">
      <Filter>Inc</Filter>
    </ClInclude>
    <ClInclude Include="Include\d3d12shader.h">
      <Filter>Inc</Filter>
    </ClInclude>
    <ClInclude Include="Include\d3d12video.h">
      <Filter>Inc</Filter>
    </ClInclude>
    <ClInclude Include="Include\d3dcommon.h">
      <Filter>Inc</Filter>
    </ClInclude>
    <ClInclude Include="Include\dxgiformat.h">
      <Filter>Inc</Filter>
    </ClInclude>
    <ClInclude Include="Include\D3D12TokenizedProgramFormat.hpp">
      <Filter>Inc</Filter>
    </ClInclude>
  </ItemGroup>
  <ItemGroup>
    <Midl Include="Include\d3d12.idl">
      <Filter>Inc</Filter>
    </Midl>
    <Midl Include="Include\d3d12sdklayers.idl">
      <Filter>Inc</Filter>
    </Midl>
    <Midl Include="Include\d3d12video.idl">
      <Filter>Inc</Filter>
    </Midl>
    <Midl Include="Include\d3dcommon.idl">
      <Filter>Inc</Filter>
    </Midl>
    <Midl Include="Include\dxgiformat.idl">
      <Filter>Inc</Filter>
    </Midl>
  </ItemGroup>
  <ItemGroup>
    <ClCompile Include="..\..\..\..\..\..\Users\User\Downloads\Adria-DX12-master\packages\Microsoft.Direct3D.D3D12.1.610.5\build\native\src\d3dx12\d3dx12_property_format_table.cpp">
      <Filter>Src</Filter>
    </ClCompile>
  </ItemGroup>
</Project>