
Microsoft Visual Studio Solution File, Format Version 12.00
# Visual Studio 14
VisualStudioVersion = 14.0.25420.1
MinimumVisualStudioVersion = 10.0.40219.1
Project("{8BC9CEB8-8B4A-11D0-8D11-00A0C91BC942}") = "TrioAPIGL", "TrioAPI\TrioAPIGL.vcxproj", "{C4C683A2-FD01-4659-83D4-3CD1F2D768FA}"
EndProject
Project("{8BC9CEB8-8B4A-11D0-8D11-00A0C91BC942}") = "TrioFX", "TrioFX\TrioFX.vcxproj", "{47E8042D-F247-4C5B-8D89-8F5F7ADD485E}"
EndProject
Project("{8BC9CEB8-8B4A-11D0-8D11-00A0C91BC942}") = "TrioWin32GLSample", "TrioWin32Sample\TrioWin32GLSample.vcxproj", "{E0851A79-611A-43D0-9660-4DB7096886A9}"
EndProject
Global
	GlobalSection(SolutionConfigurationPlatforms) = preSolution
		Debug|x64 = Debug|x64
		Debug|x86 = Debug|x86
		Release|x64 = Release|x64
		Release|x86 = Release|x86
	EndGlobalSection
	GlobalSection(ProjectConfigurationPlatforms) = postSolution
		{C4C683A2-FD01-4659-83D4-3CD1F2D768FA}.Debug|x64.ActiveCfg = Debug|x64
		{C4C683A2-FD01-4659-83D4-3CD1F2D768FA}.Debug|x64.Build.0 = Debug|x64
		{C4C683A2-FD01-4659-83D4-3CD1F2D768FA}.Debug|x86.ActiveCfg = Debug|Win32
		{C4C683A2-FD01-4659-83D4-3CD1F2D768FA}.Debug|x86.Build.0 = Debug|Win32
		{C4C683A2-FD01-4659-83D4-3CD1F2D768FA}.Release|x64.ActiveCfg = Release|x64
		{C4C683A2-FD01-4659-83D4-3CD1F2D768FA}.Release|x64.Build.0 = Release|x64
		{C4C683A2-FD01-4659-83D4-3CD1F2D768FA}.Release|x86.ActiveCfg = Release|Win32
		{C4C683A2-FD01-4659-83D4-3CD1F2D768FA}.Release|x86.Build.0 = Release|Win32
		{47E8042D-F247-4C5B-8D89-8F5F7ADD485E}.Debug|x64.ActiveCfg = Debug|x64
		{47E8042D-F247-4C5B-8D89-8F5F7ADD485E}.Debug|x64.Build.0 = Debug|x64
		{47E8042D-F247-4C5B-8D89-8F5F7ADD485E}.Debug|x86.ActiveCfg = Debug|Win32
		{47E8042D-F247-4C5B-8D89-8F5F7ADD485E}.Debug|x86.Build.0 = Debug|Win32
		{47E8042D-F247-4C5B-8D89-8F5F7ADD485E}.Release|x64.ActiveCfg = Release|x64
		{47E8042D-F247-4C5B-8D89-8F5F7ADD485E}.Release|x64.Build.0 = Release|x64
		{47E8042D-F247-4C5B-8D89-8F5F7ADD485E}.Release|x86.ActiveCfg = Release|Win32
		{47E8042D-F247-4C5B-8D89-8F5F7ADD485E}.Release|x86.Build.0 = Release|Win32
		{E0851A79-611A-43D0-9660-4DB7096886A9}.Debug|x64.ActiveCfg = Debug|x64
		{E0851A79-611A-43D0-9660-4DB7096886A9}.Debug|x64.Build.0 = Debug|x64
		{E0851A79-611A-43D0-9660-4DB7096886A9}.Debug|x86.ActiveCfg = Debug|Win32
		{E0851A79-611A-43D0-9660-4DB7096886A9}.Debug|x86.Build.0 = Debug|Win32
		{E0851A79-611A-43D0-9660-4DB7096886A9}.Release|x64.ActiveCfg = Release|x64
		{E0851A79-611A-43D0-9660-4DB7096886A9}.Release|x64.Build.0 = Release|x64
		{E0851A79-611A-43D0-9660-4DB7096886A9}.Release|x86.ActiveCfg = Release|Win32
		{E0851A79-611A-43D0-9660-4DB7096886A9}.Release|x86.Build.0 = Release|Win32
	EndGlobalSection
	GlobalSection(SolutionProperties) = preSolution
		HideSolutionNode = FALSE
	EndGlobalSection
EndGlobal
