<?xml version="1.0" encoding="utf-8"?>
<Project ToolsVersion="4.0" xmlns="http://schemas.microsoft.com/developer/msbuild/2003">
  <ItemGroup>
    <Filter Include="Source Files">
      <UniqueIdentifier>{4FC737F1-C7A5-4376-A066-2A32D752A2FF}</UniqueIdentifier>
      <Extensions>cpp;c;cc;cxx;def;odl;idl;hpj;bat;asm;asmx</Extensions>
    </Filter>
    <Filter Include="Header Files">
      <UniqueIdentifier>{93995380-89BD-4b04-88EB-625FBE52EBFB}</UniqueIdentifier>
      <Extensions>h;hh;hpp;hxx;hm;inl;inc;ipp;xsd</Extensions>
    </Filter>
    <Filter Include="Resource Files">
      <UniqueIdentifier>{67DA6AB6-F800-4c08-8B7A-83BB121AAD01}</UniqueIdentifier>
      <Extensions>rc;ico;cur;bmp;dlg;rc2;rct;bin;rgs;gif;jpg;jpeg;jpe;resx;tiff;tif;png;wav;mfcribbon-ms</Extensions>
    </Filter>
    <Filter Include="Header Files\System">
      <UniqueIdentifier>{5ed9cc5b-4e3f-42cd-9a62-9431163cb42c}</UniqueIdentifier>
    </Filter>
    <Filter Include="Header Files\Graphics">
      <UniqueIdentifier>{1dcdcba3-2e74-4098-821b-e9fab08e5d8c}</UniqueIdentifier>
    </Filter>
    <Filter Include="Source Files\Graphics">
      <UniqueIdentifier>{cec22b6d-923d-48bc-a8ee-06c1de270b26}</UniqueIdentifier>
    </Filter>
    <Filter Include="Source Files\System">
      <UniqueIdentifier>{796957f5-3bd9-4b08-ad6e-c8cd13a2e6d0}</UniqueIdentifier>
    </Filter>
    <Filter Include="Header Files\Math">
      <UniqueIdentifier>{b56577b0-6817-4e2a-8fd2-e72430dd858b}</UniqueIdentifier>
    </Filter>
    <Filter Include="Source Files\Math">
      <UniqueIdentifier>{6f3ec983-728e-4df6-9eee-70781622f5b0}</UniqueIdentifier>
    </Filter>
    <Filter Include="Source Files\Utils">
      <UniqueIdentifier>{f10c16c0-b29a-4514-9f88-e74b0f9ad5c1}</UniqueIdentifier>
    </Filter>
    <Filter Include="Header Files\Utils">
      <UniqueIdentifier>{f57e6fcd-4176-4c9e-b21f-becfadcbfb01}</UniqueIdentifier>
    </Filter>
    <Filter Include="Header Files\FX">
      <UniqueIdentifier>{eabee9d9-a307-43d7-ba87-05c01b862624}</UniqueIdentifier>
    </Filter>
    <Filter Include="Source Files\FX">
      <UniqueIdentifier>{dbb691db-71dc-4234-bd40-987036658534}</UniqueIdentifier>
    </Filter>
    <Filter Include="Header Files\Memory">
      <UniqueIdentifier>{3d4c6e36-701a-424d-b1f5-6d15407892da}</UniqueIdentifier>
    </Filter>
    <Filter Include="Source Files\Memory">
      <UniqueIdentifier>{a5c510b6-c25e-4888-9eed-e10d72fe3505}</UniqueIdentifier>
    </Filter>
    <Filter Include="Header Files\DataTypes">
      <UniqueIdentifier>{ad28b633-90f3-440a-a832-5a0351fa66d3}</UniqueIdentifier>
    </Filter>
    <Filter Include="Source Files\DataTypes">
      <UniqueIdentifier>{c59f9007-6163-4bfc-9c95-767911ca096e}</UniqueIdentifier>
    </Filter>
    <Filter Include="Header Files\Graphics\Models">
      <UniqueIdentifier>{49dbb1a5-9d60-4ec0-9cbf-4181f8f3028f}</UniqueIdentifier>
    </Filter>
    <Filter Include="Source Files\Graphics\Models">
      <UniqueIdentifier>{91061eb2-f245-46be-9cdd-50422585cf09}</UniqueIdentifier>
    </Filter>
    <Filter Include="Header Files\Content">
      <UniqueIdentifier>{43bce298-36d4-4c57-844f-a956a54a4ae5}</UniqueIdentifier>
    </Filter>
    <Filter Include="Header Files\Content\Pipeline">
      <UniqueIdentifier>{04cee6ef-60c7-4881-ac9d-9b9e216559bb}</UniqueIdentifier>
    </Filter>
    <Filter Include="Source Files\Content">
      <UniqueIdentifier>{3bb27c2d-26ed-4b8b-805b-ecdf4de9d380}</UniqueIdentifier>
    </Filter>
    <Filter Include="Source Files\Content\Pipeline">
      <UniqueIdentifier>{d4c59644-3a32-41e8-b715-68decdc5459c}</UniqueIdentifier>
    </Filter>
    <Filter Include="Header Files\Content\Pipeline\Tasks">
      <UniqueIdentifier>{855e5c73-56db-4b25-98ee-9de548224e9d}</UniqueIdentifier>
    </Filter>
    <Filter Include="Header Files\IO">
      <UniqueIdentifier>{898ef40e-da90-4d44-b169-3407d0fadc33}</UniqueIdentifier>
    </Filter>
    <Filter Include="Source Files\IO">
      <UniqueIdentifier>{94707957-4827-4d5f-9c78-9979f22bd938}</UniqueIdentifier>
    </Filter>
    <Filter Include="Header Files\Content\Pipeline\Importers">
      <UniqueIdentifier>{43c7ef90-4a30-4a47-8134-b83551bb0dbb}</UniqueIdentifier>
    </Filter>
    <Filter Include="Source Files\Content\Pipeline\Tasks">
      <UniqueIdentifier>{ba086b70-21d7-4da2-9aa1-1b5218ef85a1}</UniqueIdentifier>
    </Filter>
    <Filter Include="Source Files\Content\Pipeline\Importers">
      <UniqueIdentifier>{ea1e451e-b88e-41a1-b504-62f1179df75f}</UniqueIdentifier>
    </Filter>
    <Filter Include="Source Files\Content\Pipeline\Processors">
      <UniqueIdentifier>{4a0f695f-6c1c-4cad-bb05-cd2d32a8a9d2}</UniqueIdentifier>
    </Filter>
    <Filter Include="Header Files\Content\Pipeline\Processors">
      <UniqueIdentifier>{ee606ee6-ed57-4673-b470-f8cecead68e9}</UniqueIdentifier>
    </Filter>
    <Filter Include="Source Files\Content\Pipeline\Graphics">
      <UniqueIdentifier>{cbdbcba9-d256-45c7-bea3-8b935d7f6614}</UniqueIdentifier>
    </Filter>
    <Filter Include="Header Files\Content\Pipeline\Graphics">
      <UniqueIdentifier>{06b53517-b413-4b2a-ae3e-dec93c90c23c}</UniqueIdentifier>
    </Filter>
    <Filter Include="Header Files\Content\Pipeline\Serialization">
      <UniqueIdentifier>{10ff4ebb-8a57-4a6b-991a-faf7bac42e3e}</UniqueIdentifier>
    </Filter>
    <Filter Include="Source Files\Content\Pipeline\Serialization">
      <UniqueIdentifier>{3711a9fe-d2e7-4285-9a19-39bce02cb46b}</UniqueIdentifier>
    </Filter>
  </ItemGroup>
  <ItemGroup>
    <ClInclude Include="stdafx.h">
      <Filter>Header Files</Filter>
    </ClInclude>
    <ClInclude Include="targetver.h">
      <Filter>Header Files</Filter>
    </ClInclude>
    <ClInclude Include="TrioApi.h">
      <Filter>Header Files</Filter>
    </ClInclude>
    <ClInclude Include="Event.h">
      <Filter>Header Files\System</Filter>
    </ClInclude>
    <ClInclude Include="GameHost.h">
      <Filter>Header Files</Filter>
    </ClInclude>
    <ClInclude Include="GameWindow.h">
      <Filter>Header Files</Filter>
    </ClInclude>
    <ClInclude Include="Game.h">
      <Filter>Header Files</Filter>
    </ClInclude>
    <ClInclude Include="WindowsGameHost.h">
      <Filter>Header Files</Filter>
    </ClInclude>
    <ClInclude Include="WindowsGameWindow.h">
      <Filter>Header Files</Filter>
    </ClInclude>
    <ClInclude Include="Graphics\GraphicsDevice.h">
      <Filter>Header Files\Graphics</Filter>
    </ClInclude>
    <ClInclude Include="Graphics\GraphicsDeviceManager.h">
      <Filter>Header Files\Graphics</Filter>
    </ClInclude>
    <ClInclude Include="Graphics\GraphicsAdapter.h">
      <Filter>Header Files\Graphics</Filter>
    </ClInclude>
    <ClInclude Include="Graphics\DisplayMode.h">
      <Filter>Header Files\Graphics</Filter>
    </ClInclude>
    <ClInclude Include="Graphics\SurfaceFormat.h">
      <Filter>Header Files\Graphics</Filter>
    </ClInclude>
    <ClInclude Include="Graphics\DepthFormat.h">
      <Filter>Header Files\Graphics</Filter>
    </ClInclude>
    <ClInclude Include="Graphics\PresentationParameters.h">
      <Filter>Header Files\Graphics</Filter>
    </ClInclude>
    <ClInclude Include="Graphics\PresentInterval.h">
      <Filter>Header Files\Graphics</Filter>
    </ClInclude>
    <ClInclude Include="Graphics\RenderTargetUsage.h">
      <Filter>Header Files\Graphics</Filter>
    </ClInclude>
    <ClInclude Include="Graphics\IGraphicsDeviceService.h">
      <Filter>Header Files\Graphics</Filter>
    </ClInclude>
    <ClInclude Include="Graphics\IServiceBase.h">
      <Filter>Header Files\Graphics</Filter>
    </ClInclude>
    <ClInclude Include="Graphics\IGraphicsDeviceManager.h">
      <Filter>Header Files\Graphics</Filter>
    </ClInclude>
    <ClInclude Include="IServiceProvider.h">
      <Filter>Header Files</Filter>
    </ClInclude>
    <ClInclude Include="GameServiceContainer.h">
      <Filter>Header Files</Filter>
    </ClInclude>
    <ClInclude Include="StepTimer.h">
      <Filter>Header Files</Filter>
    </ClInclude>
    <ClInclude Include="Graphics\GraphicsDeviceInformation.h">
      <Filter>Header Files\Graphics</Filter>
    </ClInclude>
    <ClInclude Include="Graphics\GraphicsCapabilities.h">
      <Filter>Header Files\Graphics</Filter>
    </ClInclude>
    <ClInclude Include="Graphics\ShaderStage.h">
      <Filter>Header Files\Graphics</Filter>
    </ClInclude>
    <ClInclude Include="Graphics\SurfaceType.h">
      <Filter>Header Files\Graphics</Filter>
    </ClInclude>
    <ClInclude Include="Graphics\Texture.h">
      <Filter>Header Files\Graphics</Filter>
    </ClInclude>
    <ClInclude Include="Graphics\TextureCollection.h">
      <Filter>Header Files\Graphics</Filter>
    </ClInclude>
    <ClInclude Include="Graphics\ColorWriteChannels.h">
      <Filter>Header Files\Graphics</Filter>
    </ClInclude>
    <ClInclude Include="Graphics\Blend.h">
      <Filter>Header Files\Graphics</Filter>
    </ClInclude>
    <ClInclude Include="Graphics\BlendFunction.h">
      <Filter>Header Files\Graphics</Filter>
    </ClInclude>
    <ClInclude Include="Graphics\BlendState.h">
      <Filter>Header Files\Graphics</Filter>
    </ClInclude>
    <ClInclude Include="Math\MathVector.h">
      <Filter>Header Files\Math</Filter>
    </ClInclude>
    <ClInclude Include="Graphics\SamplerState.h">
      <Filter>Header Files\Graphics</Filter>
    </ClInclude>
    <ClInclude Include="Graphics\SamplerStateCollection.h">
      <Filter>Header Files\Graphics</Filter>
    </ClInclude>
    <ClInclude Include="Graphics\TextureFilter.h">
      <Filter>Header Files\Graphics</Filter>
    </ClInclude>
    <ClInclude Include="Graphics\TextureAddressMode.h">
      <Filter>Header Files\Graphics</Filter>
    </ClInclude>
    <ClInclude Include="Graphics\DepthStencilBuffer.h">
      <Filter>Header Files\Graphics</Filter>
    </ClInclude>
    <ClInclude Include="Graphics\DepthStencilViewFlags.h">
      <Filter>Header Files\Graphics</Filter>
    </ClInclude>
    <ClInclude Include="Graphics\DepthStencilViewDimension.h">
      <Filter>Header Files\Graphics</Filter>
    </ClInclude>
    <ClInclude Include="Graphics\FormatHelper.h">
      <Filter>Header Files\Graphics</Filter>
    </ClInclude>
    <ClInclude Include="Graphics\IndexElementSize.h">
      <Filter>Header Files\Graphics</Filter>
    </ClInclude>
    <ClInclude Include="Graphics\VertexBufferBinding.h">
      <Filter>Header Files\Graphics</Filter>
    </ClInclude>
    <ClInclude Include="Graphics\VertexDeclaration.h">
      <Filter>Header Files\Graphics</Filter>
    </ClInclude>
    <ClInclude Include="Graphics\IndexBuffer.h">
      <Filter>Header Files\Graphics</Filter>
    </ClInclude>
    <ClInclude Include="Graphics\VertexBuffer.h">
      <Filter>Header Files\Graphics</Filter>
    </ClInclude>
    <ClInclude Include="Graphics\ResourceUsage.h">
      <Filter>Header Files\Graphics</Filter>
    </ClInclude>
    <ClInclude Include="Graphics\SetDataOptions.h">
      <Filter>Header Files\Graphics</Filter>
    </ClInclude>
    <ClInclude Include="Graphics\CpuAccessFlags.h">
      <Filter>Header Files\Graphics</Filter>
    </ClInclude>
    <ClInclude Include="Graphics\BindFlags.h">
      <Filter>Header Files\Graphics</Filter>
    </ClInclude>
    <ClInclude Include="Graphics\VertexElement.h">
      <Filter>Header Files\Graphics</Filter>
    </ClInclude>
    <ClInclude Include="Graphics\VertexElementUsage.h">
      <Filter>Header Files\Graphics</Filter>
    </ClInclude>
    <ClInclude Include="Graphics\VertexElementFormat.h">
      <Filter>Header Files\Graphics</Filter>
    </ClInclude>
    <ClInclude Include="Graphics\Shader.h">
      <Filter>Header Files\Graphics</Filter>
    </ClInclude>
    <ClInclude Include="Graphics\InputLayoutCache.h">
      <Filter>Header Files\Graphics</Filter>
    </ClInclude>
    <ClInclude Include="Utils\Hash.h">
      <Filter>Header Files\Utils</Filter>
    </ClInclude>
    <ClInclude Include="Graphics\MapMode.h">
      <Filter>Header Files\Graphics</Filter>
    </ClInclude>
    <ClInclude Include="Graphics\ClearOptions.h">
      <Filter>Header Files\Graphics</Filter>
    </ClInclude>
    <ClInclude Include="Graphics\DepthStencilState.h">
      <Filter>Header Files\Graphics</Filter>
    </ClInclude>
    <ClInclude Include="Graphics\RasterizerState.h">
      <Filter>Header Files\Graphics</Filter>
    </ClInclude>
    <ClInclude Include="Graphics\FillMode.h">
      <Filter>Header Files\Graphics</Filter>
    </ClInclude>
    <ClInclude Include="Graphics\CullMode.h">
      <Filter>Header Files\Graphics</Filter>
    </ClInclude>
    <ClInclude Include="Graphics\StencilOperation.h">
      <Filter>Header Files\Graphics</Filter>
    </ClInclude>
    <ClInclude Include="Graphics\CompareFunction.h">
      <Filter>Header Files\Graphics</Filter>
    </ClInclude>
    <ClInclude Include="Graphics\DepthWriteMask.h">
      <Filter>Header Files\Graphics</Filter>
    </ClInclude>
    <ClInclude Include="Math\Rectangle.h">
      <Filter>Header Files\Math</Filter>
    </ClInclude>
    <ClInclude Include="Graphics\ConstantBuffer.h">
      <Filter>Header Files\Graphics</Filter>
    </ClInclude>
    <ClInclude Include="Graphics\ConstantBufferCollection.h">
      <Filter>Header Files\Graphics</Filter>
    </ClInclude>
    <ClInclude Include="FX\HLSLTree.h">
      <Filter>Header Files\FX</Filter>
    </ClInclude>
    <ClInclude Include="FX\Log.h">
      <Filter>Header Files\FX</Filter>
    </ClInclude>
    <ClInclude Include="FX\StringPool.h">
      <Filter>Header Files\FX</Filter>
    </ClInclude>
    <ClInclude Include="FX\CodeWriter.h">
      <Filter>Header Files\FX</Filter>
    </ClInclude>
    <ClInclude Include="FX\GLSLGenerator.h">
      <Filter>Header Files\FX</Filter>
    </ClInclude>
    <ClInclude Include="FX\HLSLGenerator.h">
      <Filter>Header Files\FX</Filter>
    </ClInclude>
    <ClInclude Include="FX\HLSLParser.h">
      <Filter>Header Files\FX</Filter>
    </ClInclude>
    <ClInclude Include="FX\HLSLPreprocessor.h">
      <Filter>Header Files\FX</Filter>
    </ClInclude>
    <ClInclude Include="FX\HLSLTokenizer.h">
      <Filter>Header Files\FX</Filter>
    </ClInclude>
    <ClInclude Include="FX\AssertFX.h">
      <Filter>Header Files\FX</Filter>
    </ClInclude>
    <ClInclude Include="Graphics\Effect.h">
      <Filter>Header Files\Graphics</Filter>
    </ClInclude>
    <ClInclude Include="Graphics\ShaderLanguageTarget.h">
      <Filter>Header Files\Graphics</Filter>
    </ClInclude>
    <ClInclude Include="Graphics\EffectTechniqueCollection.h">
      <Filter>Header Files\Graphics</Filter>
    </ClInclude>
    <ClInclude Include="Graphics\EffectParameterCollection.h">
      <Filter>Header Files\Graphics</Filter>
    </ClInclude>
    <ClInclude Include="Graphics\EffectParameter.h">
      <Filter>Header Files\Graphics</Filter>
    </ClInclude>
    <ClInclude Include="Graphics\ConstantBufferField.h">
      <Filter>Header Files\Graphics</Filter>
    </ClInclude>
    <ClInclude Include="Graphics\EffectPass.h">
      <Filter>Header Files\Graphics</Filter>
    </ClInclude>
    <ClInclude Include="Graphics\EffectTechnique.h">
      <Filter>Header Files\Graphics</Filter>
    </ClInclude>
    <ClInclude Include="Graphics\EffectCompiler.h">
      <Filter>Header Files\Graphics</Filter>
    </ClInclude>
    <ClInclude Include="Graphics\PrimitiveType.h">
      <Filter>Header Files\Graphics</Filter>
    </ClInclude>
    <ClInclude Include="PlatformDirectives.h">
      <Filter>Header Files</Filter>
    </ClInclude>
    <ClInclude Include="Screen.h">
      <Filter>Header Files</Filter>
    </ClInclude>
    <ClInclude Include="Graphics\VertexDeclarationHelper.h">
      <Filter>Header Files\Graphics</Filter>
    </ClInclude>
    <ClInclude Include="Graphics\Texture2D.h">
      <Filter>Header Files\Graphics</Filter>
    </ClInclude>
    <ClInclude Include="Graphics\ResourceOptionFlags.h">
      <Filter>Header Files\Graphics</Filter>
    </ClInclude>
    <ClInclude Include="Utils\TextureLoader.h">
      <Filter>Header Files\Utils</Filter>
    </ClInclude>
    <ClInclude Include="Memory\Allocator.h">
      <Filter>Header Files\Memory</Filter>
    </ClInclude>
    <ClInclude Include="DataTypes\Array.h">
      <Filter>Header Files\DataTypes</Filter>
    </ClInclude>
    <ClInclude Include="Graphics\VertexPositionNormalTexture.h">
      <Filter>Header Files\Graphics</Filter>
    </ClInclude>
    <ClInclude Include="Graphics\VertexPositionTexture.h">
      <Filter>Header Files\Graphics</Filter>
    </ClInclude>
    <ClInclude Include="Graphics\VertexPosition.h">
      <Filter>Header Files\Graphics</Filter>
    </ClInclude>
    <ClInclude Include="Graphics\VertexPositionColor.h">
      <Filter>Header Files\Graphics</Filter>
    </ClInclude>
    <ClInclude Include="Graphics\VertexPositionColorTexture.h">
      <Filter>Header Files\Graphics</Filter>
    </ClInclude>
    <ClInclude Include="Graphics\VertexPositionNormalColorTexture.h">
      <Filter>Header Files\Graphics</Filter>
    </ClInclude>
    <ClInclude Include="Graphics\EffectLoader.h">
      <Filter>Header Files\Graphics</Filter>
    </ClInclude>
    <ClInclude Include="Graphics\Model.h">
      <Filter>Header Files\Graphics\Models</Filter>
    </ClInclude>
    <ClInclude Include="Graphics\Mesh.h">
      <Filter>Header Files\Graphics\Models</Filter>
    </ClInclude>
    <ClInclude Include="Graphics\ModelMaterial.h">
      <Filter>Header Files\Graphics\Models</Filter>
    </ClInclude>
    <ClInclude Include="Utils\StringUtility.h">
      <Filter>Header Files\Utils</Filter>
    </ClInclude>
    <ClInclude Include="Graphics\SceneNode.h">
      <Filter>Header Files\Graphics\Models</Filter>
    </ClInclude>
    <ClInclude Include="Object.h">
      <Filter>Header Files</Filter>
    </ClInclude>
    <ClInclude Include="GameObject.h">
      <Filter>Header Files</Filter>
    </ClInclude>
    <ClInclude Include="Component.h">
      <Filter>Header Files</Filter>
    </ClInclude>
    <ClInclude Include="Transform.h">
      <Filter>Header Files</Filter>
    </ClInclude>
    <ClInclude Include="Scene.h">
      <Filter>Header Files</Filter>
    </ClInclude>
    <ClInclude Include="TrioApiRequisites.h">
      <Filter>Header Files</Filter>
    </ClInclude>
    <ClInclude Include="Content\Pipeline\Tasks\BuildCoordinator.h">
      <Filter>Header Files\Content\Pipeline\Tasks</Filter>
    </ClInclude>
    <ClInclude Include="Content\Pipeline\ContentIdentity.h">
      <Filter>Header Files\Content\Pipeline</Filter>
    </ClInclude>
    <ClInclude Include="Content\Pipeline\ContentItem.h">
      <Filter>Header Files\Content\Pipeline</Filter>
    </ClInclude>
    <ClInclude Include="Content\Pipeline\Tasks\BuildItem.h">
      <Filter>Header Files\Content\Pipeline\Tasks</Filter>
    </ClInclude>
    <ClInclude Include="IO\File.h">
      <Filter>Header Files\IO</Filter>
    </ClInclude>
    <ClInclude Include="IO\Path.h">
      <Filter>Header Files\IO</Filter>
    </ClInclude>
    <ClInclude Include="Content\Pipeline\Importers\ImporterManager.h">
      <Filter>Header Files\Content\Pipeline\Importers</Filter>
    </ClInclude>
    <ClInclude Include="Content\Pipeline\Importers\IContentImporter.h">
      <Filter>Header Files\Content\Pipeline\Importers</Filter>
    </ClInclude>
    <ClInclude Include="Content\Pipeline\Processors\ProcessorManager.h">
      <Filter>Header Files\Content\Pipeline\Processors</Filter>
    </ClInclude>
    <ClInclude Include="Content\Pipeline\Processors\IContentProcessor.h">
      <Filter>Header Files\Content\Pipeline\Processors</Filter>
    </ClInclude>
    <ClInclude Include="Content\Pipeline\OpaqueData.h">
      <Filter>Header Files\Content\Pipeline</Filter>
    </ClInclude>
    <ClInclude Include="Content\Pipeline\Importers\EffectImporter.h">
      <Filter>Header Files\Content\Pipeline\Importers</Filter>
    </ClInclude>
    <ClInclude Include="Content\Pipeline\Importers\ModelImporter.h">
      <Filter>Header Files\Content\Pipeline\Importers</Filter>
    </ClInclude>
    <ClInclude Include="Content\Pipeline\Importers\TextureImporter.h">
      <Filter>Header Files\Content\Pipeline\Importers</Filter>
    </ClInclude>
    <ClInclude Include="Content\Pipeline\Graphics\EffectContent.h">
      <Filter>Header Files\Content\Pipeline\Graphics</Filter>
    </ClInclude>
    <ClInclude Include="Content\Pipeline\Graphics\TextureContent.h">
      <Filter>Header Files\Content\Pipeline\Graphics</Filter>
    </ClInclude>
    <ClInclude Include="Content\Pipeline\Graphics\MipmapChain.h">
      <Filter>Header Files\Content\Pipeline\Graphics</Filter>
    </ClInclude>
    <ClInclude Include="Content\Pipeline\Graphics\BitmapContent.h">
      <Filter>Header Files\Content\Pipeline\Graphics</Filter>
    </ClInclude>
    <ClInclude Include="Content\Pipeline\Graphics\PixelBitmapContent.h">
      <Filter>Header Files\Content\Pipeline\Graphics</Filter>
    </ClInclude>
    <ClInclude Include="Content\Pipeline\Graphics\Texture2DContent.h">
      <Filter>Header Files\Content\Pipeline\Graphics</Filter>
    </ClInclude>
    <ClInclude Include="Content\Pipeline\Graphics\GeometryContent.h">
      <Filter>Header Files\Content\Pipeline\Graphics</Filter>
    </ClInclude>
    <ClInclude Include="Content\Pipeline\Graphics\MeshContent.h">
      <Filter>Header Files\Content\Pipeline\Graphics</Filter>
    </ClInclude>
    <ClInclude Include="Content\Pipeline\Graphics\NodeContent.h">
      <Filter>Header Files\Content\Pipeline\Graphics</Filter>
    </ClInclude>
    <ClInclude Include="Content\Pipeline\Graphics\MaterialContent.h">
      <Filter>Header Files\Content\Pipeline\Graphics</Filter>
    </ClInclude>
    <ClInclude Include="Content\Pipeline\Graphics\VertexChannel.h">
      <Filter>Header Files\Content\Pipeline\Graphics</Filter>
    </ClInclude>
    <ClInclude Include="Content\Pipeline\Graphics\VertexChannelNames.h">
      <Filter>Header Files\Content\Pipeline\Graphics</Filter>
    </ClInclude>
    <ClInclude Include="Content\Pipeline\Graphics\VertexChannelCollection.h">
      <Filter>Header Files\Content\Pipeline\Graphics</Filter>
    </ClInclude>
    <ClInclude Include="Content\Pipeline\Graphics\VertexContent.h">
      <Filter>Header Files\Content\Pipeline\Graphics</Filter>
    </ClInclude>
    <ClInclude Include="Content\Pipeline\Graphics\VertexBufferContent.h">
      <Filter>Header Files\Content\Pipeline\Graphics</Filter>
    </ClInclude>
    <ClInclude Include="Content\Pipeline\Graphics\VertexDeclarationContent.h">
      <Filter>Header Files\Content\Pipeline\Graphics</Filter>
    </ClInclude>
    <ClInclude Include="Memory\BitCopier.h">
      <Filter>Header Files\Memory</Filter>
    </ClInclude>
    <ClInclude Include="Content\Pipeline\Graphics\IndirectPositionCollection.h">
      <Filter>Header Files\Content\Pipeline\Graphics</Filter>
    </ClInclude>
    <ClInclude Include="Content\Pipeline\Graphics\VectorConverter.h">
      <Filter>Header Files\Content\Pipeline\Graphics</Filter>
    </ClInclude>
    <ClInclude Include="Content\Pipeline\Tasks\BuildRequest.h">
      <Filter>Header Files\Content\Pipeline\Tasks</Filter>
    </ClInclude>
    <ClInclude Include="Content\Pipeline\Tasks\BuildItemCollection.h">
      <Filter>Header Files\Content\Pipeline\Tasks</Filter>
    </ClInclude>
    <ClInclude Include="Content\Pipeline\Processors\ContentProcessorContext.h">
      <Filter>Header Files\Content\Pipeline\Processors</Filter>
    </ClInclude>
    <ClInclude Include="Content\Pipeline\Processors\BasicContentProcessorContext.h">
      <Filter>Header Files\Content\Pipeline\Processors</Filter>
    </ClInclude>
    <ClInclude Include="Content\Pipeline\Serialization\ContentTypeWriter.h">
      <Filter>Header Files\Content\Pipeline\Serialization</Filter>
    </ClInclude>
    <ClInclude Include="IO\Stream.h">
      <Filter>Header Files\IO</Filter>
    </ClInclude>
    <ClInclude Include="IO\MemoryStream.h">
      <Filter>Header Files\IO</Filter>
    </ClInclude>
    <ClInclude Include="IO\FileStream.h">
      <Filter>Header Files\IO</Filter>
    </ClInclude>
    <ClInclude Include="Content\Pipeline\Serialization\ContentCompiler.h">
      <Filter>Header Files\Content\Pipeline\Serialization</Filter>
    </ClInclude>
    <ClInclude Include="Content\Pipeline\Serialization\ContentTypeWriterFactory.h">
      <Filter>Header Files\Content\Pipeline\Serialization</Filter>
    </ClInclude>
    <ClInclude Include="Content\Pipeline\Serialization\EffectWriter.h">
      <Filter>Header Files\Content\Pipeline\Serialization</Filter>
    </ClInclude>
    <ClInclude Include="Content\Pipeline\Serialization\ExternalReferenceWriter.h">
      <Filter>Header Files\Content\Pipeline\Serialization</Filter>
    </ClInclude>
    <ClInclude Include="Content\Pipeline\Serialization\IndexCollectionWriter.h">
      <Filter>Header Files\Content\Pipeline\Serialization</Filter>
    </ClInclude>
    <ClInclude Include="Content\Pipeline\Serialization\MaterialWriter.h">
      <Filter>Header Files\Content\Pipeline\Serialization</Filter>
    </ClInclude>
    <ClInclude Include="Content\Pipeline\Serialization\ModelWriter.h">
      <Filter>Header Files\Content\Pipeline\Serialization</Filter>
    </ClInclude>
    <ClInclude Include="Content\Pipeline\Serialization\Texture2DWriter.h">
      <Filter>Header Files\Content\Pipeline\Serialization</Filter>
    </ClInclude>
    <ClInclude Include="Content\Pipeline\Serialization\VertexBufferWriter.h">
      <Filter>Header Files\Content\Pipeline\Serialization</Filter>
    </ClInclude>
    <ClInclude Include="Content\Pipeline\Serialization\ContentWriter.h">
      <Filter>Header Files\Content\Pipeline\Serialization</Filter>
    </ClInclude>
    <ClInclude Include="IO\BinaryWriter.h">
      <Filter>Header Files\IO</Filter>
    </ClInclude>
    <ClInclude Include="Content\Pipeline\Graphics\CompiledEffectContent.h">
      <Filter>Header Files\Content\Pipeline\Graphics</Filter>
    </ClInclude>
    <ClInclude Include="Content\Pipeline\Graphics\IndexCollection.h">
      <Filter>Header Files\Content\Pipeline\Graphics</Filter>
    </ClInclude>
    <ClInclude Include="IO\BinaryReader.h">
      <Filter>Header Files\IO</Filter>
    </ClInclude>
    <ClInclude Include="Content\ContentReader.h">
      <Filter>Header Files\Content</Filter>
    </ClInclude>
    <ClInclude Include="Content\ContentManager.h">
      <Filter>Header Files\Content</Filter>
    </ClInclude>
    <ClInclude Include="Content\ContentTypeReader.h">
      <Filter>Header Files\Content</Filter>
    </ClInclude>
    <ClInclude Include="Content\ExternalReferenceReader.h">
      <Filter>Header Files\Content</Filter>
    </ClInclude>
    <ClInclude Include="Content\ContentTypeReaderManager.h">
      <Filter>Header Files\Content</Filter>
    </ClInclude>
    <ClInclude Include="Content\Pipeline\Processors\TextureProcessor.h">
      <Filter>Header Files\Content\Pipeline\Processors</Filter>
    </ClInclude>
    <ClInclude Include="Content\Pipeline\Processors\EffectProcessor.h">
      <Filter>Header Files\Content\Pipeline\Processors</Filter>
    </ClInclude>
    <ClInclude Include="Content\Pipeline\Tasks\BuildCoordinatorSettings.h">
      <Filter>Header Files\Content\Pipeline\Tasks</Filter>
    </ClInclude>
    <ClInclude Include="Content\Pipeline\Tasks\TimestampCache.h">
      <Filter>Header Files\Content\Pipeline\Tasks</Filter>
    </ClInclude>
  </ItemGroup>
  <ItemGroup>
    <ClCompile Include="stdafx.cpp">
      <Filter>Source Files</Filter>
    </ClCompile>
    <ClCompile Include="TrioApi.cpp">
      <Filter>Source Files</Filter>
    </ClCompile>
    <ClCompile Include="dllmain.cpp">
      <Filter>Source Files</Filter>
    </ClCompile>
    <ClCompile Include="GameHost.cpp">
      <Filter>Source Files</Filter>
    </ClCompile>
    <ClCompile Include="Game.cpp">
      <Filter>Source Files</Filter>
    </ClCompile>
    <ClCompile Include="WindowsGameHost.cpp">
      <Filter>Source Files</Filter>
    </ClCompile>
    <ClCompile Include="WindowsGameWindow.cpp">
      <Filter>Source Files</Filter>
    </ClCompile>
    <ClCompile Include="Graphics\GraphicsDeviceManager.cpp">
      <Filter>Source Files\Graphics</Filter>
    </ClCompile>
    <ClCompile Include="Graphics\GraphicsDevice.cpp">
      <Filter>Source Files\Graphics</Filter>
    </ClCompile>
    <ClCompile Include="Graphics\GraphicsAdapter.cpp">
      <Filter>Source Files\Graphics</Filter>
    </ClCompile>
    <ClCompile Include="Graphics\PresentationParameters.cpp">
      <Filter>Source Files\Graphics</Filter>
    </ClCompile>
    <ClCompile Include="GameServiceContainer.cpp">
      <Filter>Source Files</Filter>
    </ClCompile>
    <ClCompile Include="Graphics\GraphicsDeviceInformation.cpp">
      <Filter>Source Files\Graphics</Filter>
    </ClCompile>
    <ClCompile Include="Graphics\GraphicsCapabilities.cpp">
      <Filter>Source Files\Graphics</Filter>
    </ClCompile>
    <ClCompile Include="Graphics\Texture.cpp">
      <Filter>Source Files\Graphics</Filter>
    </ClCompile>
    <ClCompile Include="Graphics\TextureCollection.cpp">
      <Filter>Source Files\Graphics</Filter>
    </ClCompile>
    <ClCompile Include="Graphics\BlendState.cpp">
      <Filter>Source Files\Graphics</Filter>
    </ClCompile>
    <ClCompile Include="Math\MathVector.cpp">
      <Filter>Source Files\Math</Filter>
    </ClCompile>
    <ClCompile Include="Graphics\SamplerState.cpp">
      <Filter>Source Files\Graphics</Filter>
    </ClCompile>
    <ClCompile Include="Graphics\SamplerStateCollection.cpp">
      <Filter>Source Files\Graphics</Filter>
    </ClCompile>
    <ClCompile Include="Graphics\DepthStencilBuffer.cpp">
      <Filter>Source Files\Graphics</Filter>
    </ClCompile>
    <ClCompile Include="Graphics\FormatHelper.cpp">
      <Filter>Source Files\Graphics</Filter>
    </ClCompile>
    <ClCompile Include="Graphics\IndexBuffer.cpp">
      <Filter>Source Files\Graphics</Filter>
    </ClCompile>
    <ClCompile Include="Graphics\VertexBuffer.cpp">
      <Filter>Source Files\Graphics</Filter>
    </ClCompile>
    <ClCompile Include="Graphics\VertexBufferBinding.cpp">
      <Filter>Source Files\Graphics</Filter>
    </ClCompile>
    <ClCompile Include="Graphics\VertexDeclaration.cpp">
      <Filter>Source Files\Graphics</Filter>
    </ClCompile>
    <ClCompile Include="Graphics\VertexElement.cpp">
      <Filter>Source Files\Graphics</Filter>
    </ClCompile>
    <ClCompile Include="Graphics\Shader.cpp">
      <Filter>Source Files\Graphics</Filter>
    </ClCompile>
    <ClCompile Include="Graphics\InputLayoutCache.cpp">
      <Filter>Source Files\Graphics</Filter>
    </ClCompile>
    <ClCompile Include="Utils\Hash.cpp">
      <Filter>Source Files\Utils</Filter>
    </ClCompile>
    <ClCompile Include="Graphics\RasterizerState.cpp">
      <Filter>Source Files\Graphics</Filter>
    </ClCompile>
    <ClCompile Include="Graphics\DepthStencilState.cpp">
      <Filter>Source Files\Graphics</Filter>
    </ClCompile>
    <ClCompile Include="Graphics\ConstantBufferCollection.cpp">
      <Filter>Source Files\Graphics</Filter>
    </ClCompile>
    <ClCompile Include="Graphics\ConstantBuffer.cpp">
      <Filter>Source Files\Graphics</Filter>
    </ClCompile>
    <ClCompile Include="FX\HLSLParser.cpp">
      <Filter>Source Files\FX</Filter>
    </ClCompile>
    <ClCompile Include="FX\HLSLPreprocessor.cpp">
      <Filter>Source Files\FX</Filter>
    </ClCompile>
    <ClCompile Include="FX\HLSLTokenizer.cpp">
      <Filter>Source Files\FX</Filter>
    </ClCompile>
    <ClCompile Include="FX\HLSLTree.cpp">
      <Filter>Source Files\FX</Filter>
    </ClCompile>
    <ClCompile Include="FX\Log.cpp">
      <Filter>Source Files\FX</Filter>
    </ClCompile>
    <ClCompile Include="FX\StringPool.cpp">
      <Filter>Source Files\FX</Filter>
    </ClCompile>
    <ClCompile Include="FX\CodeWriter.cpp">
      <Filter>Source Files\FX</Filter>
    </ClCompile>
    <ClCompile Include="FX\GLSLGenerator.cpp">
      <Filter>Source Files\FX</Filter>
    </ClCompile>
    <ClCompile Include="FX\HLSLGenerator.cpp">
      <Filter>Source Files\FX</Filter>
    </ClCompile>
    <ClCompile Include="Graphics\Effect.cpp">
      <Filter>Source Files\Graphics</Filter>
    </ClCompile>
    <ClCompile Include="Graphics\EffectParameterCollection.cpp">
      <Filter>Source Files\Graphics</Filter>
    </ClCompile>
    <ClCompile Include="Graphics\EffectTechniqueCollection.cpp">
      <Filter>Source Files\Graphics</Filter>
    </ClCompile>
    <ClCompile Include="Graphics\EffectParameter.cpp">
      <Filter>Source Files\Graphics</Filter>
    </ClCompile>
    <ClCompile Include="Graphics\EffectPass.cpp">
      <Filter>Source Files\Graphics</Filter>
    </ClCompile>
    <ClCompile Include="Graphics\EffectTechnique.cpp">
      <Filter>Source Files\Graphics</Filter>
    </ClCompile>
    <ClCompile Include="Graphics\EffectCompiler.cpp">
      <Filter>Source Files\Graphics</Filter>
    </ClCompile>
    <ClCompile Include="Screen.cpp">
      <Filter>Source Files</Filter>
    </ClCompile>
    <ClCompile Include="Graphics\VertexDeclarationHelper.cpp">
      <Filter>Source Files\Graphics</Filter>
    </ClCompile>
    <ClCompile Include="Graphics\Texture2D.cpp">
      <Filter>Source Files\Graphics</Filter>
    </ClCompile>
    <ClCompile Include="Utils\TextureLoader.cpp">
      <Filter>Source Files\Utils</Filter>
    </ClCompile>
    <ClCompile Include="Graphics\VertexPositionTexture.cpp">
      <Filter>Source Files\Graphics</Filter>
    </ClCompile>
    <ClCompile Include="Graphics\VertexPositionColor.cpp">
      <Filter>Source Files\Graphics</Filter>
    </ClCompile>
    <ClCompile Include="Graphics\VertexPositionColorTexture.cpp">
      <Filter>Source Files\Graphics</Filter>
    </ClCompile>
    <ClCompile Include="Graphics\VertexPositionNormalColorTexture.cpp">
      <Filter>Source Files\Graphics</Filter>
    </ClCompile>
    <ClCompile Include="Graphics\VertexPositionNormalTexture.cpp">
      <Filter>Source Files\Graphics</Filter>
    </ClCompile>
    <ClCompile Include="Graphics\EffectLoader.cpp">
      <Filter>Source Files\Graphics</Filter>
    </ClCompile>
    <ClCompile Include="Graphics\Model.cpp">
      <Filter>Source Files\Graphics\Models</Filter>
    </ClCompile>
    <ClCompile Include="Graphics\Mesh.cpp">
      <Filter>Source Files\Graphics\Models</Filter>
    </ClCompile>
    <ClCompile Include="Graphics\ModelMaterial.cpp">
      <Filter>Source Files\Graphics\Models</Filter>
    </ClCompile>
    <ClCompile Include="Utils\StringUtility.cpp">
      <Filter>Source Files\Utils</Filter>
    </ClCompile>
    <ClCompile Include="Graphics\SceneNode.cpp">
      <Filter>Source Files\Graphics\Models</Filter>
    </ClCompile>
    <ClCompile Include="Object.cpp">
      <Filter>Source Files</Filter>
    </ClCompile>
    <ClCompile Include="GameObject.cpp">
      <Filter>Source Files</Filter>
    </ClCompile>
    <ClCompile Include="Component.cpp">
      <Filter>Source Files</Filter>
    </ClCompile>
    <ClCompile Include="Transform.cpp">
      <Filter>Source Files</Filter>
    </ClCompile>
    <ClCompile Include="Scene.cpp">
      <Filter>Source Files</Filter>
    </ClCompile>
    <ClCompile Include="Graphics\VertexPosition.cpp">
      <Filter>Source Files\Graphics</Filter>
    </ClCompile>
    <ClCompile Include="IO\File.cpp">
      <Filter>Source Files\IO</Filter>
    </ClCompile>
    <ClCompile Include="IO\Path.cpp">
      <Filter>Source Files\IO</Filter>
    </ClCompile>
    <ClCompile Include="Content\Pipeline\Importers\ImporterManager.cpp">
      <Filter>Source Files\Content\Pipeline\Importers</Filter>
    </ClCompile>
    <ClCompile Include="Content\Pipeline\Processors\ProcessorManager.cpp">
      <Filter>Source Files\Content\Pipeline\Processors</Filter>
    </ClCompile>
    <ClCompile Include="Content\Pipeline\Importers\EffectImporter.cpp">
      <Filter>Source Files\Content\Pipeline\Importers</Filter>
    </ClCompile>
    <ClCompile Include="Content\Pipeline\Importers\ModelImporter.cpp">
      <Filter>Source Files\Content\Pipeline\Importers</Filter>
    </ClCompile>
    <ClCompile Include="Content\Pipeline\Importers\TextureImporter.cpp">
      <Filter>Source Files\Content\Pipeline\Importers</Filter>
    </ClCompile>
    <ClCompile Include="Content\Pipeline\Graphics\EffectContent.cpp">
      <Filter>Source Files\Content\Pipeline\Graphics</Filter>
    </ClCompile>
    <ClCompile Include="Content\Pipeline\ContentItem.cpp">
      <Filter>Source Files\Content\Pipeline</Filter>
    </ClCompile>
    <ClCompile Include="Content\Pipeline\Graphics\TextureContent.cpp">
      <Filter>Source Files\Content\Pipeline\Graphics</Filter>
    </ClCompile>
    <ClCompile Include="Content\Pipeline\Graphics\BitmapContent.cpp">
      <Filter>Source Files\Content\Pipeline\Graphics</Filter>
    </ClCompile>
    <ClCompile Include="Content\Pipeline\Graphics\Texture2DContent.cpp">
      <Filter>Source Files\Content\Pipeline\Graphics</Filter>
    </ClCompile>
    <ClCompile Include="Content\Pipeline\Graphics\GeometryContent.cpp">
      <Filter>Source Files\Content\Pipeline\Graphics</Filter>
    </ClCompile>
    <ClCompile Include="Content\Pipeline\Graphics\MeshContent.cpp">
      <Filter>Source Files\Content\Pipeline\Graphics</Filter>
    </ClCompile>
    <ClCompile Include="Content\Pipeline\Graphics\NodeContent.cpp">
      <Filter>Source Files\Content\Pipeline\Graphics</Filter>
    </ClCompile>
    <ClCompile Include="Content\Pipeline\Graphics\MaterialContent.cpp">
      <Filter>Source Files\Content\Pipeline\Graphics</Filter>
    </ClCompile>
    <ClCompile Include="Content\Pipeline\Graphics\VertexChannel.cpp">
      <Filter>Source Files\Content\Pipeline\Graphics</Filter>
    </ClCompile>
    <ClCompile Include="Content\Pipeline\Graphics\VertexChannelNames.cpp">
      <Filter>Source Files\Content\Pipeline\Graphics</Filter>
    </ClCompile>
    <ClCompile Include="Content\Pipeline\Graphics\VertexChannelCollection.cpp">
      <Filter>Source Files\Content\Pipeline\Graphics</Filter>
    </ClCompile>
    <ClCompile Include="Content\Pipeline\Graphics\VertexContent.cpp">
      <Filter>Source Files\Content\Pipeline\Graphics</Filter>
    </ClCompile>
    <ClCompile Include="Content\Pipeline\Graphics\VertexBufferContent.cpp">
      <Filter>Source Files\Content\Pipeline\Graphics</Filter>
    </ClCompile>
    <ClCompile Include="Content\Pipeline\Graphics\VertexDeclarationContent.cpp">
      <Filter>Source Files\Content\Pipeline\Graphics</Filter>
    </ClCompile>
    <ClCompile Include="Content\Pipeline\Graphics\IndirectPositionCollection.cpp">
      <Filter>Source Files\Content\Pipeline\Graphics</Filter>
    </ClCompile>
    <ClCompile Include="Content\Pipeline\Graphics\VectorConverter.cpp">
      <Filter>Source Files\Content\Pipeline\Graphics</Filter>
    </ClCompile>
    <ClCompile Include="Content\Pipeline\Tasks\BuildCoordinator.cpp">
      <Filter>Source Files\Content\Pipeline\Tasks</Filter>
    </ClCompile>
    <ClCompile Include="Content\Pipeline\Tasks\BuildRequest.cpp">
      <Filter>Source Files\Content\Pipeline\Tasks</Filter>
    </ClCompile>
    <ClCompile Include="Content\Pipeline\Tasks\BuildItemCollection.cpp">
      <Filter>Source Files\Content\Pipeline\Tasks</Filter>
    </ClCompile>
    <ClCompile Include="Content\Pipeline\Processors\BasicContentProcessorContext.cpp">
      <Filter>Source Files\Content\Pipeline\Processors</Filter>
    </ClCompile>
    <ClCompile Include="IO\MemoryStream.cpp">
      <Filter>Source Files\IO</Filter>
    </ClCompile>
    <ClCompile Include="IO\FileStream.cpp">
      <Filter>Source Files\IO</Filter>
    </ClCompile>
    <ClCompile Include="Content\Pipeline\Serialization\ContentCompiler.cpp">
      <Filter>Source Files\Content\Pipeline\Serialization</Filter>
    </ClCompile>
    <ClCompile Include="Content\Pipeline\Serialization\ContentTypeWriterFactory.cpp">
      <Filter>Source Files\Content\Pipeline\Serialization</Filter>
    </ClCompile>
    <ClCompile Include="Content\Pipeline\Serialization\EffectWriter.cpp">
      <Filter>Source Files\Content\Pipeline\Serialization</Filter>
    </ClCompile>
    <ClCompile Include="Content\Pipeline\Serialization\ContentWriter.cpp">
      <Filter>Source Files\Content\Pipeline\Serialization</Filter>
    </ClCompile>
    <ClCompile Include="IO\BinaryWriter.cpp">
      <Filter>Source Files\IO</Filter>
    </ClCompile>
    <ClCompile Include="Content\Pipeline\Graphics\CompiledEffectContent.cpp">
      <Filter>Source Files\Content\Pipeline\Graphics</Filter>
    </ClCompile>
    <ClCompile Include="Content\Pipeline\Serialization\ExternalReferenceWriter.cpp">
      <Filter>Source Files\Content\Pipeline\Serialization</Filter>
    </ClCompile>
    <ClCompile Include="Content\Pipeline\Serialization\IndexCollectionWriter.cpp">
      <Filter>Source Files\Content\Pipeline\Serialization</Filter>
    </ClCompile>
    <ClCompile Include="Content\Pipeline\Serialization\ModelWriter.cpp">
      <Filter>Source Files\Content\Pipeline\Serialization</Filter>
    </ClCompile>
    <ClCompile Include="Content\Pipeline\Serialization\Texture2DWriter.cpp">
      <Filter>Source Files\Content\Pipeline\Serialization</Filter>
    </ClCompile>
    <ClCompile Include="IO\BinaryReader.cpp">
      <Filter>Source Files\IO</Filter>
    </ClCompile>
    <ClCompile Include="Content\ContentReader.cpp">
      <Filter>Source Files\Content</Filter>
    </ClCompile>
    <ClCompile Include="Content\ExternalReferenceReader.cpp">
      <Filter>Source Files\Content</Filter>
    </ClCompile>
    <ClCompile Include="Content\ContentManager.cpp">
      <Filter>Source Files\Content</Filter>
    </ClCompile>
    <ClCompile Include="Content\ContentTypeReaderManager.cpp">
      <Filter>Source Files\Content</Filter>
    </ClCompile>
    <ClCompile Include="Content\Pipeline\Processors\TextureProcessor.cpp">
      <Filter>Source Files\Content\Pipeline\Processors</Filter>
    </ClCompile>
    <ClCompile Include="Content\Pipeline\Processors\EffectProcessor.cpp">
      <Filter>Source Files\Content\Pipeline\Processors</Filter>
    </ClCompile>
    <ClCompile Include="Content\Pipeline\Tasks\TimestampCache.cpp">
      <Filter>Source Files\Content\Pipeline\Tasks</Filter>
    </ClCompile>
  </ItemGroup>
</Project>