<?xml version="1.0" encoding="utf-8"?>
<Project ToolsVersion="4.0" xmlns="http://schemas.microsoft.com/developer/msbuild/2003">
  <ItemGroup>
    <Filter Include="Source">
      <UniqueIdentifier>{7934cca9-8ba2-4d09-829d-560b75078cc9}</UniqueIdentifier>
    </Filter>
    <Filter Include="Source\Bruno">
      <UniqueIdentifier>{5450af5c-82ea-485b-b4cd-53db27727179}</UniqueIdentifier>
    </Filter>
    <Filter Include="Source\Bruno\Core">
      <UniqueIdentifier>{8cde04c1-82b7-4167-a861-9877714e79b3}</UniqueIdentifier>
    </Filter>
    <Filter Include="Source\Bruno\Platform">
      <UniqueIdentifier>{873b41d4-3e79-4133-925a-4e1b7db03832}</UniqueIdentifier>
    </Filter>
    <Filter Include="Source\Bruno\Platform\Windows">
      <UniqueIdentifier>{2d25f86e-9679-48be-9e9b-61e54db10ef6}</UniqueIdentifier>
    </Filter>
    <Filter Include="Source\Bruno\Renderer">
      <UniqueIdentifier>{7e99be4f-71be-4688-af5b-6db1f81d2b95}</UniqueIdentifier>
    </Filter>
    <Filter Include="Source\Bruno\Platform\DirectX">
      <UniqueIdentifier>{18329f70-4523-498a-aca8-ec3efe1dc4e3}</UniqueIdentifier>
    </Filter>
    <Filter Include="Source\Bruno\Math">
      <UniqueIdentifier>{b0f92797-1c0b-4ea9-94e6-c57b7c875b0c}</UniqueIdentifier>
    </Filter>
    <Filter Include="Source\Bruno\Content">
      <UniqueIdentifier>{dc1c70f1-7679-4939-b129-8d3fe0f2ffd9}</UniqueIdentifier>
    </Filter>
    <Filter Include="Source\Bruno\Content\Readers">
      <UniqueIdentifier>{7e2a5cdc-332c-4da7-8a96-8fa9f7fa4d7d}</UniqueIdentifier>
    </Filter>
    <Filter Include="Dependencies">
      <UniqueIdentifier>{348897c2-af42-46d0-b0b1-5a6f204dd12b}</UniqueIdentifier>
    </Filter>
    <Filter Include="Dependencies\SimpleMath">
      <UniqueIdentifier>{616d2e28-f73b-4084-80f8-0392b9ef2369}</UniqueIdentifier>
    </Filter>
    <Filter Include="Dependencies\D3D12MA">
      <UniqueIdentifier>{58b49e62-ebdd-4827-9785-1d7283b2fecd}</UniqueIdentifier>
    </Filter>
    <Filter Include="Dependencies\d3dx12">
      <UniqueIdentifier>{31fafd15-a38d-4a81-9935-14a1d05d344c}</UniqueIdentifier>
    </Filter>
    <Filter Include="Source\Bruno\Editor">
      <UniqueIdentifier>{76b1d155-efd6-4f55-9227-4cf0ced6783c}</UniqueIdentifier>
    </Filter>
    <Filter Include="Source\Bruno\Editor\Gizmos">
      <UniqueIdentifier>{4e51a54e-0d5b-4641-9e84-ca598fb079ff}</UniqueIdentifier>
    </Filter>
    <Filter Include="Source\Bruno\Scene">
      <UniqueIdentifier>{af5f88d4-6c15-4449-9890-88ebdba121db}</UniqueIdentifier>
    </Filter>
    <Filter Include="Dependencies\zlib">
      <UniqueIdentifier>{4c854dbe-818a-4442-877e-735d41a80aba}</UniqueIdentifier>
    </Filter>
  </ItemGroup>
  <ItemGroup>
    <ClInclude Include="Source\Bruno.h">
      <Filter>Source</Filter>
    </ClInclude>
    <ClInclude Include="Source\brpch.h">
      <Filter>Source</Filter>
    </ClInclude>
    <ClInclude Include="Source\Bruno\EntryPoint.h">
      <Filter>Source\Bruno</Filter>
    </ClInclude>
    <ClInclude Include="Source\Bruno\Core\Game.h">
      <Filter>Source\Bruno\Core</Filter>
    </ClInclude>
    <ClInclude Include="Source\Bruno\Platform\Windows\WindowsGameWindow.h">
      <Filter>Source\Bruno\Platform\Windows</Filter>
    </ClInclude>
    <ClInclude Include="Source\Bruno\Platform\Windows\NanaWindow.h">
      <Filter>Source\Bruno\Platform\Windows</Filter>
    </ClInclude>
    <ClInclude Include="Source\Bruno\Platform\DirectX\GraphicsDevice.h">
      <Filter>Source\Bruno\Platform\DirectX</Filter>
    </ClInclude>
    <ClInclude Include="Source\Bruno\Platform\DirectX\GraphicsAdapter.h">
      <Filter>Source\Bruno\Platform\DirectX</Filter>
    </ClInclude>
    <ClInclude Include="Source\Bruno\Platform\DirectX\Surface.h">
      <Filter>Source\Bruno\Platform\DirectX</Filter>
    </ClInclude>
    <ClInclude Include="Source\Bruno\Platform\DirectX\CommandQueue.h">
      <Filter>Source\Bruno\Platform\DirectX</Filter>
    </ClInclude>
    <ClInclude Include="Source\Bruno\Platform\DirectX\Resources.h">
      <Filter>Source\Bruno\Platform\DirectX</Filter>
    </ClInclude>
    <ClInclude Include="Source\Bruno\Platform\DirectX\D3DCore.h">
      <Filter>Source\Bruno\Platform\DirectX</Filter>
    </ClInclude>
    <ClInclude Include="Source\Bruno\Platform\DirectX\VertexBuffer.h">
      <Filter>Source\Bruno\Platform\DirectX</Filter>
    </ClInclude>
    <ClInclude Include="Source\Bruno\Platform\DirectX\IndexBuffer.h">
      <Filter>Source\Bruno\Platform\DirectX</Filter>
    </ClInclude>
    <ClInclude Include="Source\Bruno\Platform\DirectX\Shader.h">
      <Filter>Source\Bruno\Platform\DirectX</Filter>
    </ClInclude>
    <ClInclude Include="Source\Bruno\Platform\DirectX\RootSignature.h">
      <Filter>Source\Bruno\Platform\DirectX</Filter>
    </ClInclude>
    <ClInclude Include="Source\Bruno\Core\Logger.h">
      <Filter>Source\Bruno\Core</Filter>
    </ClInclude>
    <ClInclude Include="Source\Bruno\Core\Log.h">
      <Filter>Source\Bruno\Core</Filter>
    </ClInclude>
    <ClInclude Include="Source\Bruno\Core\Base.h">
      <Filter>Source\Bruno\Core</Filter>
    </ClInclude>
    <ClInclude Include="Source\Bruno\Core\Assert.h">
      <Filter>Source\Bruno\Core</Filter>
    </ClInclude>
    <ClInclude Include="Source\Bruno\Platform\DirectX\DepthBuffer.h">
      <Filter>Source\Bruno\Platform\DirectX</Filter>
    </ClInclude>
    <ClInclude Include="Source\Bruno\Platform\DirectX\PipelineStateObject.h">
      <Filter>Source\Bruno\Platform\DirectX</Filter>
    </ClInclude>
    <ClInclude Include="Source\Bruno\Platform\DirectX\VertexTypes.h">
      <Filter>Source\Bruno\Platform\DirectX</Filter>
    </ClInclude>
    <ClInclude Include="Source\Bruno\Platform\DirectX\Texture.h">
      <Filter>Source\Bruno\Platform\DirectX</Filter>
    </ClInclude>
    <ClInclude Include="Source\Bruno\Platform\DirectX\ConstantBuffer.h">
      <Filter>Source\Bruno\Platform\DirectX</Filter>
    </ClInclude>
    <ClInclude Include="Source\Bruno\Renderer\RenderItem.h">
      <Filter>Source\Bruno\Renderer</Filter>
    </ClInclude>
    <ClInclude Include="Source\Bruno\Core\GameTimer.h">
      <Filter>Source\Bruno\Core</Filter>
    </ClInclude>
    <ClInclude Include="Source\Bruno\Math\Math.h">
      <Filter>Source\Bruno\Math</Filter>
    </ClInclude>
    <ClInclude Include="Source\Bruno\Renderer\Camera.h">
      <Filter>Source\Bruno\Renderer</Filter>
    </ClInclude>
    <ClInclude Include="Source\Bruno\Core\KeyCodes.h">
      <Filter>Source\Bruno\Core</Filter>
    </ClInclude>
    <ClInclude Include="Source\Bruno\Core\RTTI.h">
      <Filter>Source\Bruno\Core</Filter>
    </ClInclude>
    <ClInclude Include="Source\Bruno\Content\ContentManager.h">
      <Filter>Source\Bruno\Content</Filter>
    </ClInclude>
    <ClInclude Include="Source\Bruno\Content\ContentTypeReader.h">
      <Filter>Source\Bruno\Content</Filter>
    </ClInclude>
    <ClInclude Include="Source\Bruno\Content\Readers\TextureReader.h">
      <Filter>Source\Bruno\Content\Readers</Filter>
    </ClInclude>
    <ClInclude Include="Source\Bruno\Content\ContentTypeReaderManager.h">
      <Filter>Source\Bruno\Content</Filter>
    </ClInclude>
    <ClInclude Include="Source\Bruno\Content\Readers\ShaderReader.h">
      <Filter>Source\Bruno\Content\Readers</Filter>
    </ClInclude>
    <ClInclude Include="Source\Bruno\Content\ContentReader.h">
      <Filter>Source\Bruno\Content</Filter>
    </ClInclude>
    <ClInclude Include="Source\Bruno\Core\MemoryStream.h">
      <Filter>Source\Bruno\Core</Filter>
    </ClInclude>
    <ClInclude Include="Source\Bruno\Core\Stream.h">
      <Filter>Source\Bruno\Core</Filter>
    </ClInclude>
    <ClInclude Include="Source\Bruno\Core\FileStream.h">
      <Filter>Source\Bruno\Core</Filter>
    </ClInclude>
    <ClInclude Include="Source\Bruno\Content\Readers\ModelReader.h">
      <Filter>Source\Bruno\Content\Readers</Filter>
    </ClInclude>
    <ClInclude Include="Source\Bruno\Content\Readers\MaterialReader.h">
      <Filter>Source\Bruno\Content\Readers</Filter>
    </ClInclude>
    <ClInclude Include="Source\Bruno\Content\Readers\ExternalReferenceReader.h">
      <Filter>Source\Bruno\Content\Readers</Filter>
    </ClInclude>
    <ClInclude Include="Source\Bruno\Renderer\Material.h">
      <Filter>Source\Bruno\Renderer</Filter>
    </ClInclude>
    <ClInclude Include="Source\Bruno\Renderer\Model.h">
      <Filter>Source\Bruno\Renderer</Filter>
    </ClInclude>
    <ClInclude Include="Source\Bruno\Core\Compressor.h">
      <Filter>Source\Bruno\Core</Filter>
    </ClInclude>
    <ClInclude Include="Source\Bruno\Platform\DirectX\ShaderProgram.h">
      <Filter>Source\Bruno\Platform\DirectX</Filter>
    </ClInclude>
    <ClInclude Include="Source\Bruno\Core\Buffer.h">
      <Filter>Source\Bruno\Core</Filter>
    </ClInclude>
    <ClInclude Include="Source\Bruno\Core\StringHelpers.h">
      <Filter>Source\Bruno\Core</Filter>
    </ClInclude>
    <ClInclude Include="Source\Bruno\Platform\DirectX\Context.h">
      <Filter>Source\Bruno\Platform\DirectX</Filter>
    </ClInclude>
    <ClInclude Include="Source\Bruno\Platform\DirectX\GraphicsContext.h">
      <Filter>Source\Bruno\Platform\DirectX</Filter>
    </ClInclude>
    <ClInclude Include="Source\Bruno\Platform\DirectX\Resource.h">
      <Filter>Source\Bruno\Platform\DirectX</Filter>
    </ClInclude>
    <ClInclude Include="Source\Bruno\Platform\DirectX\UploadContext.h">
      <Filter>Source\Bruno\Platform\DirectX</Filter>
    </ClInclude>
    <ClInclude Include="Source\Bruno\Platform\DirectX\GpuBuffer.h">
      <Filter>Source\Bruno\Platform\DirectX</Filter>
    </ClInclude>
    <ClInclude Include="Source\Bruno\Core\Memory.h">
      <Filter>Source\Bruno\Core</Filter>
    </ClInclude>
    <ClInclude Include="Source\Bruno\Platform\DirectX\TextureHelpers.h">
      <Filter>Source\Bruno\Platform\DirectX</Filter>
    </ClInclude>
    <ClInclude Include="Source\Bruno\Core\Application.h">
      <Filter>Source\Bruno\Core</Filter>
    </ClInclude>
    <ClInclude Include="Source\Bruno\Core\Window.h">
      <Filter>Source\Bruno\Core</Filter>
    </ClInclude>
    <ClInclude Include="Source\Bruno\Editor\Gizmos\GizmoService.h">
      <Filter>Source\Bruno\Editor\Gizmos</Filter>
    </ClInclude>
    <ClInclude Include="Source\Bruno\Scene\Scene.h">
      <Filter>Source\Bruno\Scene</Filter>
    </ClInclude>
    <ClInclude Include="Dependencies\D3D12MA\D3D12MemAlloc.h">
      <Filter>Dependencies\D3D12MA</Filter>
    </ClInclude>
    <ClInclude Include="Dependencies\SimpleMath\SimpleMath.h">
      <Filter>Dependencies\SimpleMath</Filter>
    </ClInclude>
    <ClInclude Include="Dependencies\d3dx12\d3dx12.h">
      <Filter>Dependencies\d3dx12</Filter>
    </ClInclude>
    <ClInclude Include="Dependencies\d3dx12\d3dx12_barriers.h">
      <Filter>Dependencies\d3dx12</Filter>
    </ClInclude>
    <ClInclude Include="Dependencies\d3dx12\d3dx12_check_feature_support.h">
      <Filter>Dependencies\d3dx12</Filter>
    </ClInclude>
    <ClInclude Include="Dependencies\d3dx12\d3dx12_core.h">
      <Filter>Dependencies\d3dx12</Filter>
    </ClInclude>
    <ClInclude Include="Dependencies\d3dx12\d3dx12_default.h">
      <Filter>Dependencies\d3dx12</Filter>
    </ClInclude>
    <ClInclude Include="Dependencies\d3dx12\d3dx12_pipeline_state_stream.h">
      <Filter>Dependencies\d3dx12</Filter>
    </ClInclude>
    <ClInclude Include="Dependencies\d3dx12\d3dx12_property_format_table.h">
      <Filter>Dependencies\d3dx12</Filter>
    </ClInclude>
    <ClInclude Include="Dependencies\d3dx12\d3dx12_render_pass.h">
      <Filter>Dependencies\d3dx12</Filter>
    </ClInclude>
    <ClInclude Include="Dependencies\d3dx12\d3dx12_resource_helpers.h">
      <Filter>Dependencies\d3dx12</Filter>
    </ClInclude>
    <ClInclude Include="Dependencies\d3dx12\d3dx12_root_signature.h">
      <Filter>Dependencies\d3dx12</Filter>
    </ClInclude>
    <ClInclude Include="Dependencies\d3dx12\d3dx12_state_object.h">
      <Filter>Dependencies\d3dx12</Filter>
    </ClInclude>
    <ClInclude Include="Source\Bruno\Platform\DirectX\D3DHelpers.h">
      <Filter>Source\Bruno\Platform\DirectX</Filter>
    </ClInclude>
    <ClInclude Include="Source\Bruno\Platform\DirectX\D3DConstants.h">
      <Filter>Source\Bruno\Platform\DirectX</Filter>
    </ClInclude>
    <ClInclude Include="Source\Bruno\Renderer\SceneRenderer.h">
      <Filter>Source\Bruno\Renderer</Filter>
    </ClInclude>
    <ClInclude Include="Source\Bruno\Renderer\PrimitiveBatch.h">
      <Filter>Source\Bruno\Renderer</Filter>
    </ClInclude>
    <ClInclude Include="Source\Bruno\Editor\Gizmos\GizmoTranslationRenderer.h">
      <Filter>Source\Bruno\Editor\Gizmos</Filter>
    </ClInclude>
    <ClInclude Include="Source\Bruno\Editor\Gizmos\Constants.h">
      <Filter>Source\Bruno\Editor\Gizmos</Filter>
    </ClInclude>
    <ClInclude Include="Source\Bruno\Editor\ObjectSelector.h">
      <Filter>Source\Bruno\Editor</Filter>
    </ClInclude>
    <ClInclude Include="Source\Bruno\Editor\Gizmos\GizmoRotationRenderer.h">
      <Filter>Source\Bruno\Editor\Gizmos</Filter>
    </ClInclude>
    <ClInclude Include="Source\Bruno\Editor\Gizmos\GizmoScaleRenderer.h">
      <Filter>Source\Bruno\Editor\Gizmos</Filter>
    </ClInclude>
    <ClInclude Include="Source\Bruno\Editor\Gizmos\GizmoConfig.h">
      <Filter>Source\Bruno\Editor\Gizmos</Filter>
    </ClInclude>
    <ClInclude Include="Dependencies\zlib\include\zlib.h">
      <Filter>Dependencies\zlib</Filter>
    </ClInclude>
    <ClInclude Include="Dependencies\zlib\include\zconf.h">
      <Filter>Dependencies\zlib</Filter>
    </ClInclude>
    <ClInclude Include="Source\Bruno\Renderer\ShaderCache.h">
      <Filter>Source\Bruno\Renderer</Filter>
    </ClInclude>
    <ClInclude Include="Source\Bruno\Platform\DirectX\RenderObjectBinding.h">
      <Filter>Source\Bruno\Platform\DirectX</Filter>
    </ClInclude>
    <ClInclude Include="Source\Bruno\Renderer\PipelineStateObjectCache.h">
      <Filter>Source\Bruno\Renderer</Filter>
    </ClInclude>
    <ClInclude Include="Source\Bruno\Scene\Entity.h">
      <Filter>Source\Bruno\Scene</Filter>
    </ClInclude>
    <ClInclude Include="Components.h">
      <Filter>Source\Bruno\Scene</Filter>
    </ClInclude>
  </ItemGroup>
  <ItemGroup>
    <ClCompile Include="Source\brpch.cpp">
      <Filter>Source</Filter>
    </ClCompile>
    <ClCompile Include="Source\Bruno\Core\Game.cpp">
      <Filter>Source\Bruno\Core</Filter>
    </ClCompile>
    <ClCompile Include="Source\Bruno\Platform\Windows\WindowsGameWindow.cpp">
      <Filter>Source\Bruno\Platform\Windows</Filter>
    </ClCompile>
    <ClCompile Include="Source\Bruno\Platform\Windows\NanaWindow.cpp">
      <Filter>Source\Bruno\Platform\Windows</Filter>
    </ClCompile>
    <ClCompile Include="Source\Bruno\Platform\DirectX\GraphicsDevice.cpp">
      <Filter>Source\Bruno\Platform\DirectX</Filter>
    </ClCompile>
    <ClCompile Include="Source\Bruno\Platform\DirectX\GraphicsAdapter.cpp">
      <Filter>Source\Bruno\Platform\DirectX</Filter>
    </ClCompile>
    <ClCompile Include="Source\Bruno\Platform\DirectX\Surface.cpp">
      <Filter>Source\Bruno\Platform\DirectX</Filter>
    </ClCompile>
    <ClCompile Include="Source\Bruno\Platform\DirectX\CommandQueue.cpp">
      <Filter>Source\Bruno\Platform\DirectX</Filter>
    </ClCompile>
    <ClCompile Include="Source\Bruno\Platform\DirectX\Resources.cpp">
      <Filter>Source\Bruno\Platform\DirectX</Filter>
    </ClCompile>
    <ClCompile Include="Source\Bruno\Platform\DirectX\D3DCore.cpp">
      <Filter>Source\Bruno\Platform\DirectX</Filter>
    </ClCompile>
    <ClCompile Include="Source\Bruno\Platform\DirectX\VertexBuffer.cpp">
      <Filter>Source\Bruno\Platform\DirectX</Filter>
    </ClCompile>
    <ClCompile Include="Source\Bruno\Platform\DirectX\IndexBuffer.cpp">
      <Filter>Source\Bruno\Platform\DirectX</Filter>
    </ClCompile>
    <ClCompile Include="Source\Bruno\Platform\DirectX\Shader.cpp">
      <Filter>Source\Bruno\Platform\DirectX</Filter>
    </ClCompile>
    <ClCompile Include="Source\Bruno\Platform\DirectX\RootSignature.cpp">
      <Filter>Source\Bruno\Platform\DirectX</Filter>
    </ClCompile>
    <ClCompile Include="Source\Bruno\Core\Logger.cpp">
      <Filter>Source\Bruno\Core</Filter>
    </ClCompile>
    <ClCompile Include="Source\Bruno\Core\Log.cpp">
      <Filter>Source\Bruno\Core</Filter>
    </ClCompile>
    <ClCompile Include="Source\Bruno\Core\Base.cpp">
      <Filter>Source\Bruno\Core</Filter>
    </ClCompile>
    <ClCompile Include="Source\Bruno\Platform\DirectX\DepthBuffer.cpp">
      <Filter>Source\Bruno\Platform\DirectX</Filter>
    </ClCompile>
    <ClCompile Include="Source\Bruno\Platform\DirectX\PipelineStateObject.cpp">
      <Filter>Source\Bruno\Platform\DirectX</Filter>
    </ClCompile>
    <ClCompile Include="Source\Bruno\Platform\DirectX\VertexTypes.cpp">
      <Filter>Source\Bruno\Platform\DirectX</Filter>
    </ClCompile>
    <ClCompile Include="Source\Bruno\Platform\DirectX\Texture.cpp">
      <Filter>Source\Bruno\Platform\DirectX</Filter>
    </ClCompile>
    <ClCompile Include="Source\Bruno\Renderer\RenderItem.cpp">
      <Filter>Source\Bruno\Renderer</Filter>
    </ClCompile>
    <ClCompile Include="Source\Bruno\Core\GameTimer.cpp">
      <Filter>Source\Bruno\Core</Filter>
    </ClCompile>
    <ClCompile Include="Source\Bruno\Renderer\Camera.cpp">
      <Filter>Source\Bruno\Renderer</Filter>
    </ClCompile>
    <ClCompile Include="Source\Bruno\Content\ContentManager.cpp">
      <Filter>Source\Bruno\Content</Filter>
    </ClCompile>
    <ClCompile Include="Source\Bruno\Content\ContentTypeReader.cpp">
      <Filter>Source\Bruno\Content</Filter>
    </ClCompile>
    <ClCompile Include="Source\Bruno\Content\Readers\TextureReader.cpp">
      <Filter>Source\Bruno\Content\Readers</Filter>
    </ClCompile>
    <ClCompile Include="Source\Bruno\Content\ContentTypeReaderManager.cpp">
      <Filter>Source\Bruno\Content</Filter>
    </ClCompile>
    <ClCompile Include="Source\Bruno\Content\Readers\ShaderReader.cpp">
      <Filter>Source\Bruno\Content\Readers</Filter>
    </ClCompile>
    <ClCompile Include="Source\Bruno\Content\ContentReader.cpp">
      <Filter>Source\Bruno\Content</Filter>
    </ClCompile>
    <ClCompile Include="Source\Bruno\Core\FileStream.cpp">
      <Filter>Source\Bruno\Core</Filter>
    </ClCompile>
    <ClCompile Include="Source\Bruno\Core\MemoryStream.cpp">
      <Filter>Source\Bruno\Core</Filter>
    </ClCompile>
    <ClCompile Include="Source\Bruno\Content\Readers\ModelReader.cpp">
      <Filter>Source\Bruno\Content\Readers</Filter>
    </ClCompile>
    <ClCompile Include="Source\Bruno\Content\Readers\MaterialReader.cpp">
      <Filter>Source\Bruno\Content\Readers</Filter>
    </ClCompile>
    <ClCompile Include="Source\Bruno\Core\Stream.cpp">
      <Filter>Source\Bruno\Core</Filter>
    </ClCompile>
    <ClCompile Include="Source\Bruno\Content\Readers\ExternalReferenceReader.cpp">
      <Filter>Source\Bruno\Content\Readers</Filter>
    </ClCompile>
    <ClCompile Include="Source\Bruno\Renderer\Material.cpp">
      <Filter>Source\Bruno\Renderer</Filter>
    </ClCompile>
    <ClCompile Include="Source\Bruno\Renderer\Model.cpp">
      <Filter>Source\Bruno\Renderer</Filter>
    </ClCompile>
    <ClCompile Include="Source\Bruno\Core\Compressor.cpp">
      <Filter>Source\Bruno\Core</Filter>
    </ClCompile>
    <ClCompile Include="Source\Bruno\Platform\DirectX\ShaderProgram.cpp">
      <Filter>Source\Bruno\Platform\DirectX</Filter>
    </ClCompile>
    <ClCompile Include="Source\Bruno\Core\StringHelpers.cpp">
      <Filter>Source\Bruno\Core</Filter>
    </ClCompile>
    <ClCompile Include="Source\Bruno\Platform\DirectX\Context.cpp">
      <Filter>Source\Bruno\Platform\DirectX</Filter>
    </ClCompile>
    <ClCompile Include="Source\Bruno\Platform\DirectX\GraphicsContext.cpp">
      <Filter>Source\Bruno\Platform\DirectX</Filter>
    </ClCompile>
    <ClCompile Include="Source\Bruno\Platform\DirectX\Resource.cpp">
      <Filter>Source\Bruno\Platform\DirectX</Filter>
    </ClCompile>
    <ClCompile Include="Source\Bruno\Platform\DirectX\UploadContext.cpp">
      <Filter>Source\Bruno\Platform\DirectX</Filter>
    </ClCompile>
    <ClCompile Include="Source\Bruno\Platform\DirectX\GpuBuffer.cpp">
      <Filter>Source\Bruno\Platform\DirectX</Filter>
    </ClCompile>
    <ClCompile Include="Source\Bruno\Core\Application.cpp">
      <Filter>Source\Bruno\Core</Filter>
    </ClCompile>
    <ClCompile Include="Source\Bruno\Core\Window.cpp">
      <Filter>Source\Bruno\Core</Filter>
    </ClCompile>
    <ClCompile Include="Source\Bruno\Editor\Gizmos\GizmoService.cpp">
      <Filter>Source\Bruno\Editor\Gizmos</Filter>
    </ClCompile>
    <ClCompile Include="Source\Bruno\Scene\Scene.cpp">
      <Filter>Source\Bruno\Scene</Filter>
    </ClCompile>
    <ClCompile Include="Source\Bruno\Math\Math.cpp">
      <Filter>Source\Bruno\Math</Filter>
    </ClCompile>
    <ClCompile Include="Dependencies\D3D12MA\D3D12MemAlloc.cpp">
      <Filter>Dependencies\D3D12MA</Filter>
    </ClCompile>
    <ClCompile Include="Dependencies\SimpleMath\SimpleMath.cpp">
      <Filter>Dependencies\SimpleMath</Filter>
    </ClCompile>
    <ClCompile Include="Source\Bruno\Renderer\SceneRenderer.cpp">
      <Filter>Source\Bruno\Renderer</Filter>
    </ClCompile>
    <ClCompile Include="Source\Bruno\Renderer\PrimitiveBatch.cpp">
      <Filter>Source\Bruno\Renderer</Filter>
    </ClCompile>
    <ClCompile Include="Source\Bruno\Editor\Gizmos\GizmoTranslationRenderer.cpp">
      <Filter>Source\Bruno\Editor\Gizmos</Filter>
    </ClCompile>
    <ClCompile Include="Source\Bruno\Editor\ObjectSelector.cpp">
      <Filter>Source\Bruno\Editor</Filter>
    </ClCompile>
    <ClCompile Include="Source\Bruno\Editor\Gizmos\GizmoRotationRenderer.cpp">
      <Filter>Source\Bruno\Editor\Gizmos</Filter>
    </ClCompile>
    <ClCompile Include="Source\Bruno\Editor\Gizmos\GizmoScaleRenderer.cpp">
      <Filter>Source\Bruno\Editor\Gizmos</Filter>
    </ClCompile>
    <ClCompile Include="Source\Bruno\Renderer\ShaderCache.cpp">
      <Filter>Source\Bruno\Renderer</Filter>
    </ClCompile>
    <ClCompile Include="Source\Bruno\Renderer\PipelineStateObjectCache.cpp">
      <Filter>Source\Bruno\Renderer</Filter>
    </ClCompile>
  </ItemGroup>
  <ItemGroup>
    <None Include="Source\Bruno\Math\Math.inl">
      <Filter>Source\Bruno\Math</Filter>
    </None>
    <None Include="packages.config" />
    <None Include="Dependencies\SimpleMath\SimpleMath.inl">
      <Filter>Dependencies\SimpleMath</Filter>
    </None>
  </ItemGroup>
</Project>